// !$*UTF8*$!
{
	archiveVersion = 1;
	classes = {
	};
	objectVersion = 44;
	objects = {

/* Begin PBXBuildFile section */
		5764150F115C35C1002C7AAB /* tinystr.cpp in Sources */ = {isa = PBXBuildFile; fileRef = 576414FF115C35C1002C7AAB /* tinystr.cpp */; };
		57641510115C35C1002C7AAB /* tinystr.h in Headers */ = {isa = PBXBuildFile; fileRef = 57641500115C35C1002C7AAB /* tinystr.h */; };
		57641511115C35C1002C7AAB /* tinyxml.cpp in Sources */ = {isa = PBXBuildFile; fileRef = 57641501115C35C1002C7AAB /* tinyxml.cpp */; };
		57641512115C35C1002C7AAB /* tinyxml.h in Headers */ = {isa = PBXBuildFile; fileRef = 57641503115C35C1002C7AAB /* tinyxml.h */; };
		57641513115C35C1002C7AAB /* tinyxmlerror.cpp in Sources */ = {isa = PBXBuildFile; fileRef = 57641505115C35C1002C7AAB /* tinyxmlerror.cpp */; };
		57641514115C35C1002C7AAB /* tinyxmlparser.cpp in Sources */ = {isa = PBXBuildFile; fileRef = 57641506115C35C1002C7AAB /* tinyxmlparser.cpp */; };
		57641515115C35C1002C7AAB /* xmltest.cpp in Sources */ = {isa = PBXBuildFile; fileRef = 5764150D115C35C1002C7AAB /* xmltest.cpp */; };
		57641524115C3765002C7AAB /* tinyxml.a in Frameworks */ = {isa = PBXBuildFile; fileRef = 576414BD115C3531002C7AAB /* tinyxml.a */; };
		576415DD115C37B0002C7AAB /* config.h in Headers */ = {isa = PBXBuildFile; fileRef = 5764153E115C37B0002C7AAB /* config.h */; };
		576415E1115C37B0002C7AAB /* f_dd.cpp in Sources */ = {isa = PBXBuildFile; fileRef = 5764156E115C37B0002C7AAB /* f_dd.cpp */; };
		576415E2115C37B0002C7AAB /* f_qd.cpp in Sources */ = {isa = PBXBuildFile; fileRef = 5764156F115C37B0002C7AAB /* f_qd.cpp */; };
		576415EF115C37B0002C7AAB /* bits.h in Headers */ = {isa = PBXBuildFile; fileRef = 57641584115C37B0002C7AAB /* bits.h */; };
		576415F0115C37B0002C7AAB /* c_dd.h in Headers */ = {isa = PBXBuildFile; fileRef = 57641585115C37B0002C7AAB /* c_dd.h */; };
		576415F1115C37B0002C7AAB /* c_qd.h in Headers */ = {isa = PBXBuildFile; fileRef = 57641586115C37B0002C7AAB /* c_qd.h */; };
		576415F2115C37B0002C7AAB /* dd_inline.h in Headers */ = {isa = PBXBuildFile; fileRef = 57641587115C37B0002C7AAB /* dd_inline.h */; };
		576415F3115C37B0002C7AAB /* dd_real.h in Headers */ = {isa = PBXBuildFile; fileRef = 57641588115C37B0002C7AAB /* dd_real.h */; };
		576415F4115C37B0002C7AAB /* fpu.h in Headers */ = {isa = PBXBuildFile; fileRef = 57641589115C37B0002C7AAB /* fpu.h */; };
		576415F5115C37B0002C7AAB /* inline.h in Headers */ = {isa = PBXBuildFile; fileRef = 5764158A115C37B0002C7AAB /* inline.h */; };
		576415F6115C37B0002C7AAB /* qd_config.h in Headers */ = {isa = PBXBuildFile; fileRef = 5764158B115C37B0002C7AAB /* qd_config.h */; };
		576415F7115C37B0002C7AAB /* qd_inline.h in Headers */ = {isa = PBXBuildFile; fileRef = 5764158D115C37B0002C7AAB /* qd_inline.h */; };
		576415F8115C37B0002C7AAB /* qd_real.h in Headers */ = {isa = PBXBuildFile; fileRef = 5764158E115C37B0002C7AAB /* qd_real.h */; };
		576415FA115C37B0002C7AAB /* bits.cpp in Sources */ = {isa = PBXBuildFile; fileRef = 576415AE115C37B0002C7AAB /* bits.cpp */; };
		576415FC115C37B0002C7AAB /* c_dd.cpp in Sources */ = {isa = PBXBuildFile; fileRef = 576415B0115C37B0002C7AAB /* c_dd.cpp */; };
		576415FE115C37B0002C7AAB /* c_qd.cpp in Sources */ = {isa = PBXBuildFile; fileRef = 576415B2115C37B0002C7AAB /* c_qd.cpp */; };
		57641600115C37B0002C7AAB /* dd_const.cpp in Sources */ = {isa = PBXBuildFile; fileRef = 576415B4115C37B0002C7AAB /* dd_const.cpp */; };
		57641602115C37B0002C7AAB /* dd_real.cpp in Sources */ = {isa = PBXBuildFile; fileRef = 576415B6115C37B0002C7AAB /* dd_real.cpp */; };
		57641604115C37B0002C7AAB /* fpu.cpp in Sources */ = {isa = PBXBuildFile; fileRef = 576415B8115C37B0002C7AAB /* fpu.cpp */; };
		57641606115C37B0002C7AAB /* libqd.a in Frameworks */ = {isa = PBXBuildFile; fileRef = 576415BA115C37B0002C7AAB /* libqd.a */; };
		57641608115C37B0002C7AAB /* qd_const.cpp in Sources */ = {isa = PBXBuildFile; fileRef = 576415BE115C37B0002C7AAB /* qd_const.cpp */; };
		5764160A115C37B0002C7AAB /* qd_real.cpp in Sources */ = {isa = PBXBuildFile; fileRef = 576415C0115C37B0002C7AAB /* qd_real.cpp */; };
		5764160C115C37B0002C7AAB /* util.cpp in Sources */ = {isa = PBXBuildFile; fileRef = 576415C2115C37B0002C7AAB /* util.cpp */; };
		5764160D115C37B0002C7AAB /* util.h in Headers */ = {isa = PBXBuildFile; fileRef = 576415C3115C37B0002C7AAB /* util.h */; };
		57641610115C37B0002C7AAB /* huge.cpp in Sources */ = {isa = PBXBuildFile; fileRef = 576415CF115C37B0002C7AAB /* huge.cpp */; };
		57641612115C37B0002C7AAB /* pslq.h in Headers */ = {isa = PBXBuildFile; fileRef = 576415D3115C37B0002C7AAB /* pslq.h */; };
		57641613115C37B0002C7AAB /* pslq_test.cpp in Sources */ = {isa = PBXBuildFile; fileRef = 576415D4115C37B0002C7AAB /* pslq_test.cpp */; };
		57641614115C37B0002C7AAB /* qd_test.cpp in Sources */ = {isa = PBXBuildFile; fileRef = 576415D5115C37B0002C7AAB /* qd_test.cpp */; };
		57641615115C37B0002C7AAB /* qd_timer.cpp in Sources */ = {isa = PBXBuildFile; fileRef = 576415D6115C37B0002C7AAB /* qd_timer.cpp */; };
		57641616115C37B0002C7AAB /* quadt.h in Headers */ = {isa = PBXBuildFile; fileRef = 576415D7115C37B0002C7AAB /* quadt.h */; };
		57641617115C37B0002C7AAB /* quadt_test.cpp in Sources */ = {isa = PBXBuildFile; fileRef = 576415D8115C37B0002C7AAB /* quadt_test.cpp */; };
		57641618115C37B0002C7AAB /* tictoc.cpp in Sources */ = {isa = PBXBuildFile; fileRef = 576415D9115C37B0002C7AAB /* tictoc.cpp */; };
		57641619115C37B0002C7AAB /* tictoc.h in Headers */ = {isa = PBXBuildFile; fileRef = 576415DA115C37B0002C7AAB /* tictoc.h */; };
		57641646115C3C0D002C7AAB /* libqd.a in Frameworks */ = {isa = PBXBuildFile; fileRef = 57641529115C3790002C7AAB /* libqd.a */; };
		57E6CCB6115CD2C600FB8DFD /* AssignMolTypes.cpp in Sources */ = {isa = PBXBuildFile; fileRef = 57E6CC5A115CD2C600FB8DFD /* AssignMolTypes.cpp */; };
		57E6CCB7115CD2C600FB8DFD /* AssociationReaction.cpp in Sources */ = {isa = PBXBuildFile; fileRef = 57E6CC5B115CD2C600FB8DFD /* AssociationReaction.cpp */; };
		57E6CCB8115CD2C600FB8DFD /* BoltzmannDistribution.cpp in Sources */ = {isa = PBXBuildFile; fileRef = 57E6CC5D115CD2C600FB8DFD /* BoltzmannDistribution.cpp */; };
		57E6CCB9115CD2C600FB8DFD /* DensityOfStates.cpp in Sources */ = {isa = PBXBuildFile; fileRef = 57E6CC62115CD2C600FB8DFD /* DensityOfStates.cpp */; };
		57E6CCBA115CD2C600FB8DFD /* formatfloat.cpp in Sources */ = {isa = PBXBuildFile; fileRef = 57E6CC67115CD2C600FB8DFD /* formatfloat.cpp */; };
		57E6CCBB115CD2C600FB8DFD /* IrreversibleExchangeReaction.cpp in Sources */ = {isa = PBXBuildFile; fileRef = 57E6CC69115CD2C600FB8DFD /* IrreversibleExchangeReaction.cpp */; };
		57E6CCBC115CD2C600FB8DFD /* IrreversibleUnimolecularReaction.cpp in Sources */ = {isa = PBXBuildFile; fileRef = 57E6CC6B115CD2C600FB8DFD /* IrreversibleUnimolecularReaction.cpp */; };
		57E6CCBD115CD2C600FB8DFD /* IsomerizationReaction.cpp in Sources */ = {isa = PBXBuildFile; fileRef = 57E6CC6D115CD2C600FB8DFD /* IsomerizationReaction.cpp */; };
		57E6CCBE115CD2C600FB8DFD /* main.cpp in Sources */ = {isa = PBXBuildFile; fileRef = 57E6CC6F115CD2C600FB8DFD /* main.cpp */; };
		57E6CCC0115CD2C600FB8DFD /* MesmerEnv.cpp in Sources */ = {isa = PBXBuildFile; fileRef = 57E6CC74115CD2C600FB8DFD /* MesmerEnv.cpp */; };
		57E6CCC1115CD2C600FB8DFD /* MesmerFlags.cpp in Sources */ = {isa = PBXBuildFile; fileRef = 57E6CC76115CD2C600FB8DFD /* MesmerFlags.cpp */; };
		57E6CCC2115CD2C600FB8DFD /* MesmerMath.cpp in Sources */ = {isa = PBXBuildFile; fileRef = 57E6CC78115CD2C600FB8DFD /* MesmerMath.cpp */; };
		57E6CCC3115CD2C600FB8DFD /* MesmerTools.cpp in Sources */ = {isa = PBXBuildFile; fileRef = 57E6CC7B115CD2C600FB8DFD /* MesmerTools.cpp */; };
		57E6CCC4115CD2C600FB8DFD /* MicroRate.cpp in Sources */ = {isa = PBXBuildFile; fileRef = 57E6CC7D115CD2C600FB8DFD /* MicroRate.cpp */; };
		57E6CCC5115CD2C600FB8DFD /* MolecularComponents.cpp in Sources */ = {isa = PBXBuildFile; fileRef = 57E6CC7F115CD2C600FB8DFD /* MolecularComponents.cpp */; };
		57E6CCC6115CD2C600FB8DFD /* Molecule.cpp in Sources */ = {isa = PBXBuildFile; fileRef = 57E6CC81115CD2C600FB8DFD /* Molecule.cpp */; };
		57E6CCC7115CD2C600FB8DFD /* MoleculeManager.cpp in Sources */ = {isa = PBXBuildFile; fileRef = 57E6CC83115CD2C600FB8DFD /* MoleculeManager.cpp */; };
		57E6CCC8115CD2C600FB8DFD /* oberror.cpp in Sources */ = {isa = PBXBuildFile; fileRef = 57E6CC85115CD2C600FB8DFD /* oberror.cpp */; };
		57E6CCC9115CD2C600FB8DFD /* OneDimensionalFGH.cpp in Sources */ = {isa = PBXBuildFile; fileRef = 57E6CC87115CD2C600FB8DFD /* OneDimensionalFGH.cpp */; };
		57E6CCCA115CD2C600FB8DFD /* ClassicalRotor.cpp in Sources */ = {isa = PBXBuildFile; fileRef = 57E6CC8A115CD2C600FB8DFD /* ClassicalRotor.cpp */; };
		57E6CCCB115CD2C600FB8DFD /* EckartCoefficients.cpp in Sources */ = {isa = PBXBuildFile; fileRef = 57E6CC8C115CD2C600FB8DFD /* EckartCoefficients.cpp */; };
		57E6CCCC115CD2C600FB8DFD /* ExponentialDown.cpp in Sources */ = {isa = PBXBuildFile; fileRef = 57E6CC8E115CD2C600FB8DFD /* ExponentialDown.cpp */; };
		57E6CCCD115CD2C600FB8DFD /* fitting.cpp in Sources */ = {isa = PBXBuildFile; fileRef = 57E6CC90115CD2C600FB8DFD /* fitting.cpp */; };
		57E6CCCE115CD2C600FB8DFD /* gridsearch.cpp in Sources */ = {isa = PBXBuildFile; fileRef = 57E6CC91115CD2C600FB8DFD /* gridsearch.cpp */; };
		57E6CCCF115CD2C600FB8DFD /* HinderedRotorA.cpp in Sources */ = {isa = PBXBuildFile; fileRef = 57E6CC92115CD2C600FB8DFD /* HinderedRotorA.cpp */; };
		57E6CCD0115CD2C600FB8DFD /* LandauZenerCrossingCoeff.cpp in Sources */ = {isa = PBXBuildFile; fileRef = 57E6CC94115CD2C600FB8DFD /* LandauZenerCrossingCoeff.cpp */; };
		57E6CCD1115CD2C600FB8DFD /* MesmerILT.cpp in Sources */ = {isa = PBXBuildFile; fileRef = 57E6CC96115CD2C600FB8DFD /* MesmerILT.cpp */; };
		57E6CCD2115CD2C600FB8DFD /* QMHinderedRotorPotential.cpp in Sources */ = {isa = PBXBuildFile; fileRef = 57E6CC98115CD2C600FB8DFD /* QMHinderedRotorPotential.cpp */; };
		57E6CCD3115CD2C600FB8DFD /* QMRotor.cpp in Sources */ = {isa = PBXBuildFile; fileRef = 57E6CC9A115CD2C600FB8DFD /* QMRotor.cpp */; };
		57E6CCD4115CD2C600FB8DFD /* simplecalc.cpp in Sources */ = {isa = PBXBuildFile; fileRef = 57E6CC9C115CD2C600FB8DFD /* simplecalc.cpp */; };
		57E6CCD5115CD2C600FB8DFD /* SimpleILT.cpp in Sources */ = {isa = PBXBuildFile; fileRef = 57E6CC9D115CD2C600FB8DFD /* SimpleILT.cpp */; };
		57E6CCD6115CD2C600FB8DFD /* SimpleRRKM.cpp in Sources */ = {isa = PBXBuildFile; fileRef = 57E6CC9F115CD2C600FB8DFD /* SimpleRRKM.cpp */; };
		57E6CCD7115CD2C600FB8DFD /* WKBCrossingCoeff.cpp in Sources */ = {isa = PBXBuildFile; fileRef = 57E6CCA1115CD2C600FB8DFD /* WKBCrossingCoeff.cpp */; };
		57E6CCD8115CD2C600FB8DFD /* Rdouble.cpp in Sources */ = {isa = PBXBuildFile; fileRef = 57E6CCA3115CD2C600FB8DFD /* Rdouble.cpp */; };
		57E6CCD9115CD2C600FB8DFD /* Reaction.cpp in Sources */ = {isa = PBXBuildFile; fileRef = 57E6CCA5115CD2C600FB8DFD /* Reaction.cpp */; };
		57E6CCDA115CD2C600FB8DFD /* ReactionManager.cpp in Sources */ = {isa = PBXBuildFile; fileRef = 57E6CCA7115CD2C600FB8DFD /* ReactionManager.cpp */; };
		57E6CCDB115CD2C600FB8DFD /* System.cpp in Sources */ = {isa = PBXBuildFile; fileRef = 57E6CCAA115CD2C600FB8DFD /* System.cpp */; };
		57E6CCDC115CD2C600FB8DFD /* TimeCounter.cpp in Sources */ = {isa = PBXBuildFile; fileRef = 57E6CCAC115CD2C600FB8DFD /* TimeCounter.cpp */; };
		57E6CCDD115CD2C600FB8DFD /* unitsConversion.cpp in Sources */ = {isa = PBXBuildFile; fileRef = 57E6CCB0115CD2C600FB8DFD /* unitsConversion.cpp */; };
		57E6CCDE115CD2C600FB8DFD /* vector3.cpp in Sources */ = {isa = PBXBuildFile; fileRef = 57E6CCB2115CD2C600FB8DFD /* vector3.cpp */; };
		57E6CCDF115CD2C600FB8DFD /* XMLPersist.cpp in Sources */ = {isa = PBXBuildFile; fileRef = 57E6CCB4115CD2C600FB8DFD /* XMLPersist.cpp */; };
		8DD76FB00486AB0100D96B5E /* MacOSX.1 in CopyFiles */ = {isa = PBXBuildFile; fileRef = C6A0FF2C0290799A04C91782 /* MacOSX.1 */; };
/* End PBXBuildFile section */

/* Begin PBXContainerItemProxy section */
		57E6CD87115CEBD500FB8DFD /* PBXContainerItemProxy */ = {
			isa = PBXContainerItemProxy;
			containerPortal = 08FB7793FE84155DC02AAC07 /* Project object */;
			proxyType = 1;
			remoteGlobalIDString = 576414BC115C3531002C7AAB;
			remoteInfo = tinyxml;
		};
		57E6CD89115CEBD500FB8DFD /* PBXContainerItemProxy */ = {
			isa = PBXContainerItemProxy;
			containerPortal = 08FB7793FE84155DC02AAC07 /* Project object */;
			proxyType = 1;
			remoteGlobalIDString = 57641528115C3790002C7AAB;
			remoteInfo = qd;
		};
/* End PBXContainerItemProxy section */

/* Begin PBXCopyFilesBuildPhase section */
		8DD76FAF0486AB0100D96B5E /* CopyFiles */ = {
			isa = PBXCopyFilesBuildPhase;
			buildActionMask = 8;
			dstPath = /usr/share/man/man1/;
			dstSubfolderSpec = 0;
			files = (
				8DD76FB00486AB0100D96B5E /* MacOSX.1 in CopyFiles */,
			);
			runOnlyForDeploymentPostprocessing = 1;
		};
/* End PBXCopyFilesBuildPhase section */

/* Begin PBXFileReference section */
		576414BD115C3531002C7AAB /* tinyxml.a */ = {isa = PBXFileReference; explicitFileType = archive.ar; includeInIndex = 0; path = tinyxml.a; sourceTree = BUILT_PRODUCTS_DIR; };
		576414C2115C35C1002C7AAB /* changes.txt */ = {isa = PBXFileReference; fileEncoding = 4; lastKnownFileType = text; path = changes.txt; sourceTree = "<group>"; };
		576414C4115C35C1002C7AAB /* annotated.html */ = {isa = PBXFileReference; fileEncoding = 4; lastKnownFileType = text.html; path = annotated.html; sourceTree = "<group>"; };
		576414C5115C35C1002C7AAB /* classTiXmlAttribute-members.html */ = {isa = PBXFileReference; fileEncoding = 4; lastKnownFileType = text.html; path = "classTiXmlAttribute-members.html"; sourceTree = "<group>"; };
		576414C6115C35C1002C7AAB /* classTiXmlAttribute.html */ = {isa = PBXFileReference; fileEncoding = 4; lastKnownFileType = text.html; path = classTiXmlAttribute.html; sourceTree = "<group>"; };
		576414C7115C35C1002C7AAB /* classTiXmlAttribute.png */ = {isa = PBXFileReference; lastKnownFileType = image.png; path = classTiXmlAttribute.png; sourceTree = "<group>"; };
		576414C8115C35C1002C7AAB /* classTiXmlBase-members.html */ = {isa = PBXFileReference; fileEncoding = 4; lastKnownFileType = text.html; path = "classTiXmlBase-members.html"; sourceTree = "<group>"; };
		576414C9115C35C1002C7AAB /* classTiXmlBase.html */ = {isa = PBXFileReference; fileEncoding = 4; lastKnownFileType = text.html; path = classTiXmlBase.html; sourceTree = "<group>"; };
		576414CA115C35C1002C7AAB /* classTiXmlBase.png */ = {isa = PBXFileReference; lastKnownFileType = image.png; path = classTiXmlBase.png; sourceTree = "<group>"; };
		576414CB115C35C1002C7AAB /* classTiXmlComment-members.html */ = {isa = PBXFileReference; fileEncoding = 4; lastKnownFileType = text.html; path = "classTiXmlComment-members.html"; sourceTree = "<group>"; };
		576414CC115C35C1002C7AAB /* classTiXmlComment.html */ = {isa = PBXFileReference; fileEncoding = 4; lastKnownFileType = text.html; path = classTiXmlComment.html; sourceTree = "<group>"; };
		576414CD115C35C1002C7AAB /* classTiXmlComment.png */ = {isa = PBXFileReference; lastKnownFileType = image.png; path = classTiXmlComment.png; sourceTree = "<group>"; };
		576414CE115C35C1002C7AAB /* classTiXmlDeclaration-members.html */ = {isa = PBXFileReference; fileEncoding = 4; lastKnownFileType = text.html; path = "classTiXmlDeclaration-members.html"; sourceTree = "<group>"; };
		576414CF115C35C1002C7AAB /* classTiXmlDeclaration.html */ = {isa = PBXFileReference; fileEncoding = 4; lastKnownFileType = text.html; path = classTiXmlDeclaration.html; sourceTree = "<group>"; };
		576414D0115C35C1002C7AAB /* classTiXmlDeclaration.png */ = {isa = PBXFileReference; lastKnownFileType = image.png; path = classTiXmlDeclaration.png; sourceTree = "<group>"; };
		576414D1115C35C1002C7AAB /* classTiXmlDocument-members.html */ = {isa = PBXFileReference; fileEncoding = 4; lastKnownFileType = text.html; path = "classTiXmlDocument-members.html"; sourceTree = "<group>"; };
		576414D2115C35C1002C7AAB /* classTiXmlDocument.html */ = {isa = PBXFileReference; fileEncoding = 4; lastKnownFileType = text.html; path = classTiXmlDocument.html; sourceTree = "<group>"; };
		576414D3115C35C1002C7AAB /* classTiXmlDocument.png */ = {isa = PBXFileReference; lastKnownFileType = image.png; path = classTiXmlDocument.png; sourceTree = "<group>"; };
		576414D4115C35C1002C7AAB /* classTiXmlElement-members.html */ = {isa = PBXFileReference; fileEncoding = 4; lastKnownFileType = text.html; path = "classTiXmlElement-members.html"; sourceTree = "<group>"; };
		576414D5115C35C1002C7AAB /* classTiXmlElement.html */ = {isa = PBXFileReference; fileEncoding = 4; lastKnownFileType = text.html; path = classTiXmlElement.html; sourceTree = "<group>"; };
		576414D6115C35C1002C7AAB /* classTiXmlElement.png */ = {isa = PBXFileReference; lastKnownFileType = image.png; path = classTiXmlElement.png; sourceTree = "<group>"; };
		576414D7115C35C1002C7AAB /* classTiXmlHandle-members.html */ = {isa = PBXFileReference; fileEncoding = 4; lastKnownFileType = text.html; path = "classTiXmlHandle-members.html"; sourceTree = "<group>"; };
		576414D8115C35C1002C7AAB /* classTiXmlHandle.html */ = {isa = PBXFileReference; fileEncoding = 4; lastKnownFileType = text.html; path = classTiXmlHandle.html; sourceTree = "<group>"; };
		576414D9115C35C1002C7AAB /* classTiXmlNode-members.html */ = {isa = PBXFileReference; fileEncoding = 4; lastKnownFileType = text.html; path = "classTiXmlNode-members.html"; sourceTree = "<group>"; };
		576414DA115C35C1002C7AAB /* classTiXmlNode.html */ = {isa = PBXFileReference; fileEncoding = 4; lastKnownFileType = text.html; path = classTiXmlNode.html; sourceTree = "<group>"; };
		576414DB115C35C1002C7AAB /* classTiXmlNode.png */ = {isa = PBXFileReference; lastKnownFileType = image.png; path = classTiXmlNode.png; sourceTree = "<group>"; };
		576414DC115C35C1002C7AAB /* classTiXmlPrinter-members.html */ = {isa = PBXFileReference; fileEncoding = 4; lastKnownFileType = text.html; path = "classTiXmlPrinter-members.html"; sourceTree = "<group>"; };
		576414DD115C35C1002C7AAB /* classTiXmlPrinter.html */ = {isa = PBXFileReference; fileEncoding = 4; lastKnownFileType = text.html; path = classTiXmlPrinter.html; sourceTree = "<group>"; };
		576414DE115C35C1002C7AAB /* classTiXmlPrinter.png */ = {isa = PBXFileReference; lastKnownFileType = image.png; path = classTiXmlPrinter.png; sourceTree = "<group>"; };
		576414DF115C35C1002C7AAB /* classTiXmlText-members.html */ = {isa = PBXFileReference; fileEncoding = 4; lastKnownFileType = text.html; path = "classTiXmlText-members.html"; sourceTree = "<group>"; };
		576414E0115C35C1002C7AAB /* classTiXmlText.html */ = {isa = PBXFileReference; fileEncoding = 4; lastKnownFileType = text.html; path = classTiXmlText.html; sourceTree = "<group>"; };
		576414E1115C35C1002C7AAB /* classTiXmlText.png */ = {isa = PBXFileReference; lastKnownFileType = image.png; path = classTiXmlText.png; sourceTree = "<group>"; };
		576414E2115C35C1002C7AAB /* classTiXmlUnknown-members.html */ = {isa = PBXFileReference; fileEncoding = 4; lastKnownFileType = text.html; path = "classTiXmlUnknown-members.html"; sourceTree = "<group>"; };
		576414E3115C35C1002C7AAB /* classTiXmlUnknown.html */ = {isa = PBXFileReference; fileEncoding = 4; lastKnownFileType = text.html; path = classTiXmlUnknown.html; sourceTree = "<group>"; };
		576414E4115C35C1002C7AAB /* classTiXmlUnknown.png */ = {isa = PBXFileReference; lastKnownFileType = image.png; path = classTiXmlUnknown.png; sourceTree = "<group>"; };
		576414E5115C35C1002C7AAB /* classTiXmlVisitor-members.html */ = {isa = PBXFileReference; fileEncoding = 4; lastKnownFileType = text.html; path = "classTiXmlVisitor-members.html"; sourceTree = "<group>"; };
		576414E6115C35C1002C7AAB /* classTiXmlVisitor.html */ = {isa = PBXFileReference; fileEncoding = 4; lastKnownFileType = text.html; path = classTiXmlVisitor.html; sourceTree = "<group>"; };
		576414E7115C35C1002C7AAB /* classTiXmlVisitor.png */ = {isa = PBXFileReference; lastKnownFileType = image.png; path = classTiXmlVisitor.png; sourceTree = "<group>"; };
		576414E8115C35C1002C7AAB /* deprecated.html */ = {isa = PBXFileReference; fileEncoding = 4; lastKnownFileType = text.html; path = deprecated.html; sourceTree = "<group>"; };
		576414E9115C35C1002C7AAB /* doxygen.css */ = {isa = PBXFileReference; fileEncoding = 4; lastKnownFileType = text.css; path = doxygen.css; sourceTree = "<group>"; };
		576414EA115C35C1002C7AAB /* doxygen.png */ = {isa = PBXFileReference; lastKnownFileType = image.png; path = doxygen.png; sourceTree = "<group>"; };
		576414EB115C35C1002C7AAB /* files.html */ = {isa = PBXFileReference; fileEncoding = 4; lastKnownFileType = text.html; path = files.html; sourceTree = "<group>"; };
		576414EC115C35C1002C7AAB /* functions.html */ = {isa = PBXFileReference; fileEncoding = 4; lastKnownFileType = text.html; path = functions.html; sourceTree = "<group>"; };
		576414ED115C35C1002C7AAB /* functions_enum.html */ = {isa = PBXFileReference; fileEncoding = 4; lastKnownFileType = text.html; path = functions_enum.html; sourceTree = "<group>"; };
		576414EE115C35C1002C7AAB /* functions_func.html */ = {isa = PBXFileReference; fileEncoding = 4; lastKnownFileType = text.html; path = functions_func.html; sourceTree = "<group>"; };
		576414EF115C35C1002C7AAB /* functions_rela.html */ = {isa = PBXFileReference; fileEncoding = 4; lastKnownFileType = text.html; path = functions_rela.html; sourceTree = "<group>"; };
		576414F0115C35C1002C7AAB /* functions_vars.html */ = {isa = PBXFileReference; fileEncoding = 4; lastKnownFileType = text.html; path = functions_vars.html; sourceTree = "<group>"; };
		576414F1115C35C1002C7AAB /* hierarchy.html */ = {isa = PBXFileReference; fileEncoding = 4; lastKnownFileType = text.html; path = hierarchy.html; sourceTree = "<group>"; };
		576414F2115C35C1002C7AAB /* index.html */ = {isa = PBXFileReference; fileEncoding = 4; lastKnownFileType = text.html; path = index.html; sourceTree = "<group>"; };
		576414F3115C35C1002C7AAB /* pages.html */ = {isa = PBXFileReference; fileEncoding = 4; lastKnownFileType = text.html; path = pages.html; sourceTree = "<group>"; };
		576414F4115C35C1002C7AAB /* tab_b.gif */ = {isa = PBXFileReference; lastKnownFileType = image.gif; path = tab_b.gif; sourceTree = "<group>"; };
		576414F5115C35C1002C7AAB /* tab_l.gif */ = {isa = PBXFileReference; lastKnownFileType = image.gif; path = tab_l.gif; sourceTree = "<group>"; };
		576414F6115C35C1002C7AAB /* tab_r.gif */ = {isa = PBXFileReference; lastKnownFileType = image.gif; path = tab_r.gif; sourceTree = "<group>"; };
		576414F7115C35C1002C7AAB /* tabs.css */ = {isa = PBXFileReference; fileEncoding = 4; lastKnownFileType = text.css; path = tabs.css; sourceTree = "<group>"; };
		576414F8115C35C1002C7AAB /* tinystr_8h-source.html */ = {isa = PBXFileReference; fileEncoding = 4; lastKnownFileType = text.html; path = "tinystr_8h-source.html"; sourceTree = "<group>"; };
		576414F9115C35C1002C7AAB /* tinyxml_8h-source.html */ = {isa = PBXFileReference; fileEncoding = 4; lastKnownFileType = text.html; path = "tinyxml_8h-source.html"; sourceTree = "<group>"; };
		576414FA115C35C1002C7AAB /* tutorial0.html */ = {isa = PBXFileReference; fileEncoding = 4; lastKnownFileType = text.html; path = tutorial0.html; sourceTree = "<group>"; };
		576414FB115C35C1002C7AAB /* echo.dsp */ = {isa = PBXFileReference; fileEncoding = 4; lastKnownFileType = text; path = echo.dsp; sourceTree = "<group>"; };
		576414FC115C35C1002C7AAB /* Makefile */ = {isa = PBXFileReference; fileEncoding = 4; lastKnownFileType = sourcecode.make; path = Makefile; sourceTree = "<group>"; };
		576414FD115C35C1002C7AAB /* MakeLib */ = {isa = PBXFileReference; fileEncoding = 4; lastKnownFileType = text; path = MakeLib; sourceTree = "<group>"; };
		576414FE115C35C1002C7AAB /* readme.txt */ = {isa = PBXFileReference; fileEncoding = 4; lastKnownFileType = text; path = readme.txt; sourceTree = "<group>"; };
		576414FF115C35C1002C7AAB /* tinystr.cpp */ = {isa = PBXFileReference; fileEncoding = 4; lastKnownFileType = sourcecode.cpp.cpp; path = tinystr.cpp; sourceTree = "<group>"; };
		57641500115C35C1002C7AAB /* tinystr.h */ = {isa = PBXFileReference; fileEncoding = 4; lastKnownFileType = sourcecode.c.h; path = tinystr.h; sourceTree = "<group>"; };
		57641501115C35C1002C7AAB /* tinyxml.cpp */ = {isa = PBXFileReference; fileEncoding = 4; lastKnownFileType = sourcecode.cpp.cpp; path = tinyxml.cpp; sourceTree = "<group>"; };
		57641502115C35C1002C7AAB /* tinyxml.dsw */ = {isa = PBXFileReference; fileEncoding = 4; lastKnownFileType = text; path = tinyxml.dsw; sourceTree = "<group>"; };
		57641503115C35C1002C7AAB /* tinyxml.h */ = {isa = PBXFileReference; fileEncoding = 4; lastKnownFileType = sourcecode.c.h; path = tinyxml.h; sourceTree = "<group>"; };
		57641504115C35C1002C7AAB /* tinyxml_lib.dsp */ = {isa = PBXFileReference; fileEncoding = 4; lastKnownFileType = text; path = tinyxml_lib.dsp; sourceTree = "<group>"; };
		57641505115C35C1002C7AAB /* tinyxmlerror.cpp */ = {isa = PBXFileReference; fileEncoding = 4; lastKnownFileType = sourcecode.cpp.cpp; path = tinyxmlerror.cpp; sourceTree = "<group>"; };
		57641506115C35C1002C7AAB /* tinyxmlparser.cpp */ = {isa = PBXFileReference; fileEncoding = 4; lastKnownFileType = sourcecode.cpp.cpp; path = tinyxmlparser.cpp; sourceTree = "<group>"; };
		57641507115C35C1002C7AAB /* tinyxmlSTL.dsp */ = {isa = PBXFileReference; fileEncoding = 4; lastKnownFileType = text; path = tinyxmlSTL.dsp; sourceTree = "<group>"; };
		57641508115C35C1002C7AAB /* tinyXmlTest.dsp */ = {isa = PBXFileReference; fileEncoding = 4; lastKnownFileType = text; path = tinyXmlTest.dsp; sourceTree = "<group>"; };
		57641509115C35C1002C7AAB /* tinyXmlTestSTL.dsp */ = {isa = PBXFileReference; fileEncoding = 4; lastKnownFileType = text; path = tinyXmlTestSTL.dsp; sourceTree = "<group>"; };
		5764150A115C35C1002C7AAB /* utf8test.gif */ = {isa = PBXFileReference; lastKnownFileType = image.gif; path = utf8test.gif; sourceTree = "<group>"; };
		5764150B115C35C1002C7AAB /* utf8test.xml */ = {isa = PBXFileReference; fileEncoding = 4; lastKnownFileType = text.xml; path = utf8test.xml; sourceTree = "<group>"; };
		5764150C115C35C1002C7AAB /* utf8testverify.xml */ = {isa = PBXFileReference; fileEncoding = 4; lastKnownFileType = text.xml; path = utf8testverify.xml; sourceTree = "<group>"; };
		5764150D115C35C1002C7AAB /* xmltest.cpp */ = {isa = PBXFileReference; fileEncoding = 4; lastKnownFileType = sourcecode.cpp.cpp; path = xmltest.cpp; sourceTree = "<group>"; };
		57641529115C3790002C7AAB /* libqd.a */ = {isa = PBXFileReference; explicitFileType = archive.ar; includeInIndex = 0; path = libqd.a; sourceTree = BUILT_PRODUCTS_DIR; };
		5764153E115C37B0002C7AAB /* config.h */ = {isa = PBXFileReference; fileEncoding = 4; lastKnownFileType = sourcecode.c.h; path = config.h; sourceTree = "<group>"; };
		5764156E115C37B0002C7AAB /* f_dd.cpp */ = {isa = PBXFileReference; fileEncoding = 4; lastKnownFileType = sourcecode.cpp.cpp; path = f_dd.cpp; sourceTree = "<group>"; };
		5764156F115C37B0002C7AAB /* f_qd.cpp */ = {isa = PBXFileReference; fileEncoding = 4; lastKnownFileType = sourcecode.cpp.cpp; path = f_qd.cpp; sourceTree = "<group>"; };
		57641584115C37B0002C7AAB /* bits.h */ = {isa = PBXFileReference; fileEncoding = 4; lastKnownFileType = sourcecode.c.h; path = bits.h; sourceTree = "<group>"; };
		57641585115C37B0002C7AAB /* c_dd.h */ = {isa = PBXFileReference; fileEncoding = 4; lastKnownFileType = sourcecode.c.h; path = c_dd.h; sourceTree = "<group>"; };
		57641586115C37B0002C7AAB /* c_qd.h */ = {isa = PBXFileReference; fileEncoding = 4; lastKnownFileType = sourcecode.c.h; path = c_qd.h; sourceTree = "<group>"; };
		57641587115C37B0002C7AAB /* dd_inline.h */ = {isa = PBXFileReference; fileEncoding = 4; lastKnownFileType = sourcecode.c.h; path = dd_inline.h; sourceTree = "<group>"; };
		57641588115C37B0002C7AAB /* dd_real.h */ = {isa = PBXFileReference; fileEncoding = 4; lastKnownFileType = sourcecode.c.h; path = dd_real.h; sourceTree = "<group>"; };
		57641589115C37B0002C7AAB /* fpu.h */ = {isa = PBXFileReference; fileEncoding = 4; lastKnownFileType = sourcecode.c.h; path = fpu.h; sourceTree = "<group>"; };
		5764158A115C37B0002C7AAB /* inline.h */ = {isa = PBXFileReference; fileEncoding = 4; lastKnownFileType = sourcecode.c.h; path = inline.h; sourceTree = "<group>"; };
		5764158B115C37B0002C7AAB /* qd_config.h */ = {isa = PBXFileReference; fileEncoding = 4; lastKnownFileType = sourcecode.c.h; path = qd_config.h; sourceTree = "<group>"; };
		5764158D115C37B0002C7AAB /* qd_inline.h */ = {isa = PBXFileReference; fileEncoding = 4; lastKnownFileType = sourcecode.c.h; path = qd_inline.h; sourceTree = "<group>"; };
		5764158E115C37B0002C7AAB /* qd_real.h */ = {isa = PBXFileReference; fileEncoding = 4; lastKnownFileType = sourcecode.c.h; path = qd_real.h; sourceTree = "<group>"; };
		576415AE115C37B0002C7AAB /* bits.cpp */ = {isa = PBXFileReference; fileEncoding = 4; lastKnownFileType = sourcecode.cpp.cpp; path = bits.cpp; sourceTree = "<group>"; };
		576415B0115C37B0002C7AAB /* c_dd.cpp */ = {isa = PBXFileReference; fileEncoding = 4; lastKnownFileType = sourcecode.cpp.cpp; path = c_dd.cpp; sourceTree = "<group>"; };
		576415B2115C37B0002C7AAB /* c_qd.cpp */ = {isa = PBXFileReference; fileEncoding = 4; lastKnownFileType = sourcecode.cpp.cpp; path = c_qd.cpp; sourceTree = "<group>"; };
		576415B4115C37B0002C7AAB /* dd_const.cpp */ = {isa = PBXFileReference; fileEncoding = 4; lastKnownFileType = sourcecode.cpp.cpp; path = dd_const.cpp; sourceTree = "<group>"; };
		576415B6115C37B0002C7AAB /* dd_real.cpp */ = {isa = PBXFileReference; fileEncoding = 4; lastKnownFileType = sourcecode.cpp.cpp; path = dd_real.cpp; sourceTree = "<group>"; };
		576415B8115C37B0002C7AAB /* fpu.cpp */ = {isa = PBXFileReference; fileEncoding = 4; lastKnownFileType = sourcecode.cpp.cpp; path = fpu.cpp; sourceTree = "<group>"; };
		576415BA115C37B0002C7AAB /* libqd.a */ = {isa = PBXFileReference; lastKnownFileType = archive.ar; path = libqd.a; sourceTree = "<group>"; };
		576415BE115C37B0002C7AAB /* qd_const.cpp */ = {isa = PBXFileReference; fileEncoding = 4; lastKnownFileType = sourcecode.cpp.cpp; path = qd_const.cpp; sourceTree = "<group>"; };
		576415C0115C37B0002C7AAB /* qd_real.cpp */ = {isa = PBXFileReference; fileEncoding = 4; lastKnownFileType = sourcecode.cpp.cpp; path = qd_real.cpp; sourceTree = "<group>"; };
		576415C2115C37B0002C7AAB /* util.cpp */ = {isa = PBXFileReference; fileEncoding = 4; lastKnownFileType = sourcecode.cpp.cpp; path = util.cpp; sourceTree = "<group>"; };
		576415C3115C37B0002C7AAB /* util.h */ = {isa = PBXFileReference; fileEncoding = 4; lastKnownFileType = sourcecode.c.h; path = util.h; sourceTree = "<group>"; };
		576415CF115C37B0002C7AAB /* huge.cpp */ = {isa = PBXFileReference; fileEncoding = 4; lastKnownFileType = sourcecode.cpp.cpp; path = huge.cpp; sourceTree = "<group>"; };
		576415D3115C37B0002C7AAB /* pslq.h */ = {isa = PBXFileReference; fileEncoding = 4; lastKnownFileType = sourcecode.c.h; path = pslq.h; sourceTree = "<group>"; };
		576415D4115C37B0002C7AAB /* pslq_test.cpp */ = {isa = PBXFileReference; fileEncoding = 4; lastKnownFileType = sourcecode.cpp.cpp; path = pslq_test.cpp; sourceTree = "<group>"; };
		576415D5115C37B0002C7AAB /* qd_test.cpp */ = {isa = PBXFileReference; fileEncoding = 4; lastKnownFileType = sourcecode.cpp.cpp; path = qd_test.cpp; sourceTree = "<group>"; };
		576415D6115C37B0002C7AAB /* qd_timer.cpp */ = {isa = PBXFileReference; fileEncoding = 4; lastKnownFileType = sourcecode.cpp.cpp; path = qd_timer.cpp; sourceTree = "<group>"; };
		576415D7115C37B0002C7AAB /* quadt.h */ = {isa = PBXFileReference; fileEncoding = 4; lastKnownFileType = sourcecode.c.h; path = quadt.h; sourceTree = "<group>"; };
		576415D8115C37B0002C7AAB /* quadt_test.cpp */ = {isa = PBXFileReference; fileEncoding = 4; lastKnownFileType = sourcecode.cpp.cpp; path = quadt_test.cpp; sourceTree = "<group>"; };
		576415D9115C37B0002C7AAB /* tictoc.cpp */ = {isa = PBXFileReference; fileEncoding = 4; lastKnownFileType = sourcecode.cpp.cpp; path = tictoc.cpp; sourceTree = "<group>"; };
		576415DA115C37B0002C7AAB /* tictoc.h */ = {isa = PBXFileReference; fileEncoding = 4; lastKnownFileType = sourcecode.c.h; path = tictoc.h; sourceTree = "<group>"; };
		57E6CC59115CD2C600FB8DFD /* a2d.h */ = {isa = PBXFileReference; fileEncoding = 4; lastKnownFileType = sourcecode.c.h; path = a2d.h; sourceTree = "<group>"; };
		57E6CC5A115CD2C600FB8DFD /* AssignMolTypes.cpp */ = {isa = PBXFileReference; fileEncoding = 4; lastKnownFileType = sourcecode.cpp.cpp; path = AssignMolTypes.cpp; sourceTree = "<group>"; };
		57E6CC5B115CD2C600FB8DFD /* AssociationReaction.cpp */ = {isa = PBXFileReference; fileEncoding = 4; lastKnownFileType = sourcecode.cpp.cpp; path = AssociationReaction.cpp; sourceTree = "<group>"; };
		57E6CC5C115CD2C600FB8DFD /* AssociationReaction.h */ = {isa = PBXFileReference; fileEncoding = 4; lastKnownFileType = sourcecode.c.h; path = AssociationReaction.h; sourceTree = "<group>"; };
		57E6CC5D115CD2C600FB8DFD /* BoltzmannDistribution.cpp */ = {isa = PBXFileReference; fileEncoding = 4; lastKnownFileType = sourcecode.cpp.cpp; path = BoltzmannDistribution.cpp; sourceTree = "<group>"; };
		57E6CC5E115CD2C600FB8DFD /* BoltzmannDistribution.h */ = {isa = PBXFileReference; fileEncoding = 4; lastKnownFileType = sourcecode.c.h; path = BoltzmannDistribution.h; sourceTree = "<group>"; };
		57E6CC5F115CD2C600FB8DFD /* calcmethod.h */ = {isa = PBXFileReference; fileEncoding = 4; lastKnownFileType = sourcecode.c.h; path = calcmethod.h; sourceTree = "<group>"; };
		57E6CC60115CD2C600FB8DFD /* Constants.h */ = {isa = PBXFileReference; fileEncoding = 4; lastKnownFileType = sourcecode.c.h; path = Constants.h; sourceTree = "<group>"; };
		57E6CC61115CD2C600FB8DFD /* Crossing.h */ = {isa = PBXFileReference; fileEncoding = 4; lastKnownFileType = sourcecode.c.h; path = Crossing.h; sourceTree = "<group>"; };
		57E6CC62115CD2C600FB8DFD /* DensityOfStates.cpp */ = {isa = PBXFileReference; fileEncoding = 4; lastKnownFileType = sourcecode.cpp.cpp; path = DensityOfStates.cpp; sourceTree = "<group>"; };
		57E6CC63115CD2C600FB8DFD /* DensityOfStates.h */ = {isa = PBXFileReference; fileEncoding = 4; lastKnownFileType = sourcecode.c.h; path = DensityOfStates.h; sourceTree = "<group>"; };
		57E6CC64115CD2C600FB8DFD /* Distribution.h */ = {isa = PBXFileReference; fileEncoding = 4; lastKnownFileType = sourcecode.c.h; path = Distribution.h; sourceTree = "<group>"; };
		57E6CC65115CD2C600FB8DFD /* dMatrix.h */ = {isa = PBXFileReference; fileEncoding = 4; lastKnownFileType = sourcecode.c.h; path = dMatrix.h; sourceTree = "<group>"; };
		57E6CC66115CD2C600FB8DFD /* EnergyTransferModel.h */ = {isa = PBXFileReference; fileEncoding = 4; lastKnownFileType = sourcecode.c.h; path = EnergyTransferModel.h; sourceTree = "<group>"; };
		57E6CC67115CD2C600FB8DFD /* formatfloat.cpp */ = {isa = PBXFileReference; fileEncoding = 4; lastKnownFileType = sourcecode.cpp.cpp; path = formatfloat.cpp; sourceTree = "<group>"; };
		57E6CC68115CD2C600FB8DFD /* formatfloat.h */ = {isa = PBXFileReference; fileEncoding = 4; lastKnownFileType = sourcecode.c.h; path = formatfloat.h; sourceTree = "<group>"; };
		57E6CC69115CD2C600FB8DFD /* IrreversibleExchangeReaction.cpp */ = {isa = PBXFileReference; fileEncoding = 4; lastKnownFileType = sourcecode.cpp.cpp; path = IrreversibleExchangeReaction.cpp; sourceTree = "<group>"; };
		57E6CC6A115CD2C600FB8DFD /* IrreversibleExchangeReaction.h */ = {isa = PBXFileReference; fileEncoding = 4; lastKnownFileType = sourcecode.c.h; path = IrreversibleExchangeReaction.h; sourceTree = "<group>"; };
		57E6CC6B115CD2C600FB8DFD /* IrreversibleUnimolecularReaction.cpp */ = {isa = PBXFileReference; fileEncoding = 4; lastKnownFileType = sourcecode.cpp.cpp; path = IrreversibleUnimolecularReaction.cpp; sourceTree = "<group>"; };
		57E6CC6C115CD2C600FB8DFD /* IrreversibleUnimolecularReaction.h */ = {isa = PBXFileReference; fileEncoding = 4; lastKnownFileType = sourcecode.c.h; path = IrreversibleUnimolecularReaction.h; sourceTree = "<group>"; };
		57E6CC6D115CD2C600FB8DFD /* IsomerizationReaction.cpp */ = {isa = PBXFileReference; fileEncoding = 4; lastKnownFileType = sourcecode.cpp.cpp; path = IsomerizationReaction.cpp; sourceTree = "<group>"; };
		57E6CC6E115CD2C600FB8DFD /* IsomerizationReaction.h */ = {isa = PBXFileReference; fileEncoding = 4; lastKnownFileType = sourcecode.c.h; path = IsomerizationReaction.h; sourceTree = "<group>"; };
		57E6CC6F115CD2C600FB8DFD /* main.cpp */ = {isa = PBXFileReference; fileEncoding = 4; lastKnownFileType = sourcecode.cpp.cpp; path = main.cpp; sourceTree = "<group>"; };
		57E6CC71115CD2C600FB8DFD /* marray.h */ = {isa = PBXFileReference; fileEncoding = 4; lastKnownFileType = sourcecode.c.h; path = marray.h; sourceTree = "<group>"; };
		57E6CC72115CD2C600FB8DFD /* Matrix.h */ = {isa = PBXFileReference; fileEncoding = 4; lastKnownFileType = sourcecode.c.h; path = Matrix.h; sourceTree = "<group>"; };
		57E6CC73115CD2C600FB8DFD /* MesmerConfig.h */ = {isa = PBXFileReference; fileEncoding = 4; lastKnownFileType = sourcecode.c.h; path = MesmerConfig.h; sourceTree = "<group>"; };
		57E6CC74115CD2C600FB8DFD /* MesmerEnv.cpp */ = {isa = PBXFileReference; fileEncoding = 4; lastKnownFileType = sourcecode.cpp.cpp; path = MesmerEnv.cpp; sourceTree = "<group>"; };
		57E6CC75115CD2C600FB8DFD /* MesmerEnv.h */ = {isa = PBXFileReference; fileEncoding = 4; lastKnownFileType = sourcecode.c.h; path = MesmerEnv.h; sourceTree = "<group>"; };
		57E6CC76115CD2C600FB8DFD /* MesmerFlags.cpp */ = {isa = PBXFileReference; fileEncoding = 4; lastKnownFileType = sourcecode.cpp.cpp; path = MesmerFlags.cpp; sourceTree = "<group>"; };
		57E6CC77115CD2C600FB8DFD /* MesmerFlags.h */ = {isa = PBXFileReference; fileEncoding = 4; lastKnownFileType = sourcecode.c.h; path = MesmerFlags.h; sourceTree = "<group>"; };
		57E6CC78115CD2C600FB8DFD /* MesmerMath.cpp */ = {isa = PBXFileReference; fileEncoding = 4; lastKnownFileType = sourcecode.cpp.cpp; path = MesmerMath.cpp; sourceTree = "<group>"; };
		57E6CC79115CD2C600FB8DFD /* MesmerMath.h */ = {isa = PBXFileReference; fileEncoding = 4; lastKnownFileType = sourcecode.c.h; path = MesmerMath.h; sourceTree = "<group>"; };
		57E6CC7A115CD2C600FB8DFD /* MesmerPrecision.h */ = {isa = PBXFileReference; fileEncoding = 4; lastKnownFileType = sourcecode.c.h; path = MesmerPrecision.h; sourceTree = "<group>"; };
		57E6CC7B115CD2C600FB8DFD /* MesmerTools.cpp */ = {isa = PBXFileReference; fileEncoding = 4; lastKnownFileType = sourcecode.cpp.cpp; path = MesmerTools.cpp; sourceTree = "<group>"; };
		57E6CC7C115CD2C600FB8DFD /* MesmerTools.h */ = {isa = PBXFileReference; fileEncoding = 4; lastKnownFileType = sourcecode.c.h; path = MesmerTools.h; sourceTree = "<group>"; };
		57E6CC7D115CD2C600FB8DFD /* MicroRate.cpp */ = {isa = PBXFileReference; fileEncoding = 4; lastKnownFileType = sourcecode.cpp.cpp; path = MicroRate.cpp; sourceTree = "<group>"; };
		57E6CC7E115CD2C600FB8DFD /* MicroRate.h */ = {isa = PBXFileReference; fileEncoding = 4; lastKnownFileType = sourcecode.c.h; path = MicroRate.h; sourceTree = "<group>"; };
		57E6CC7F115CD2C600FB8DFD /* MolecularComponents.cpp */ = {isa = PBXFileReference; fileEncoding = 4; lastKnownFileType = sourcecode.cpp.cpp; path = MolecularComponents.cpp; sourceTree = "<group>"; };
		57E6CC80115CD2C600FB8DFD /* MolecularComponents.h */ = {isa = PBXFileReference; fileEncoding = 4; lastKnownFileType = sourcecode.c.h; path = MolecularComponents.h; sourceTree = "<group>"; };
		57E6CC81115CD2C600FB8DFD /* Molecule.cpp */ = {isa = PBXFileReference; fileEncoding = 4; lastKnownFileType = sourcecode.cpp.cpp; path = Molecule.cpp; sourceTree = "<group>"; };
		57E6CC82115CD2C600FB8DFD /* Molecule.h */ = {isa = PBXFileReference; fileEncoding = 4; lastKnownFileType = sourcecode.c.h; path = Molecule.h; sourceTree = "<group>"; };
		57E6CC83115CD2C600FB8DFD /* MoleculeManager.cpp */ = {isa = PBXFileReference; fileEncoding = 4; lastKnownFileType = sourcecode.cpp.cpp; path = MoleculeManager.cpp; sourceTree = "<group>"; };
		57E6CC84115CD2C600FB8DFD /* MoleculeManager.h */ = {isa = PBXFileReference; fileEncoding = 4; lastKnownFileType = sourcecode.c.h; path = MoleculeManager.h; sourceTree = "<group>"; };
		57E6CC85115CD2C600FB8DFD /* oberror.cpp */ = {isa = PBXFileReference; fileEncoding = 4; lastKnownFileType = sourcecode.cpp.cpp; path = oberror.cpp; sourceTree = "<group>"; };
		57E6CC86115CD2C600FB8DFD /* oberror.h */ = {isa = PBXFileReference; fileEncoding = 4; lastKnownFileType = sourcecode.c.h; path = oberror.h; sourceTree = "<group>"; };
		57E6CC87115CD2C600FB8DFD /* OneDimensionalFGH.cpp */ = {isa = PBXFileReference; fileEncoding = 4; lastKnownFileType = sourcecode.cpp.cpp; path = OneDimensionalFGH.cpp; sourceTree = "<group>"; };
		57E6CC88115CD2C600FB8DFD /* Persistence.h */ = {isa = PBXFileReference; fileEncoding = 4; lastKnownFileType = sourcecode.c.h; path = Persistence.h; sourceTree = "<group>"; };
		57E6CC8A115CD2C600FB8DFD /* ClassicalRotor.cpp */ = {isa = PBXFileReference; fileEncoding = 4; lastKnownFileType = sourcecode.cpp.cpp; path = ClassicalRotor.cpp; sourceTree = "<group>"; };
		57E6CC8B115CD2C600FB8DFD /* ClassicalRotor.h */ = {isa = PBXFileReference; fileEncoding = 4; lastKnownFileType = sourcecode.c.h; path = ClassicalRotor.h; sourceTree = "<group>"; };
		57E6CC8C115CD2C600FB8DFD /* EckartCoefficients.cpp */ = {isa = PBXFileReference; fileEncoding = 4; lastKnownFileType = sourcecode.cpp.cpp; path = EckartCoefficients.cpp; sourceTree = "<group>"; };
		57E6CC8D115CD2C600FB8DFD /* EckartCoefficients.h */ = {isa = PBXFileReference; fileEncoding = 4; lastKnownFileType = sourcecode.c.h; path = EckartCoefficients.h; sourceTree = "<group>"; };
		57E6CC8E115CD2C600FB8DFD /* ExponentialDown.cpp */ = {isa = PBXFileReference; fileEncoding = 4; lastKnownFileType = sourcecode.cpp.cpp; path = ExponentialDown.cpp; sourceTree = "<group>"; };
		57E6CC8F115CD2C600FB8DFD /* ExponentialDown.h */ = {isa = PBXFileReference; fileEncoding = 4; lastKnownFileType = sourcecode.c.h; path = ExponentialDown.h; sourceTree = "<group>"; };
		57E6CC90115CD2C600FB8DFD /* fitting.cpp */ = {isa = PBXFileReference; fileEncoding = 4; lastKnownFileType = sourcecode.cpp.cpp; path = fitting.cpp; sourceTree = "<group>"; };
		57E6CC91115CD2C600FB8DFD /* gridsearch.cpp */ = {isa = PBXFileReference; fileEncoding = 4; lastKnownFileType = sourcecode.cpp.cpp; path = gridsearch.cpp; sourceTree = "<group>"; };
		57E6CC92115CD2C600FB8DFD /* HinderedRotorA.cpp */ = {isa = PBXFileReference; fileEncoding = 4; lastKnownFileType = sourcecode.cpp.cpp; path = HinderedRotorA.cpp; sourceTree = "<group>"; };
		57E6CC93115CD2C600FB8DFD /* HinderedRotorA.h */ = {isa = PBXFileReference; fileEncoding = 4; lastKnownFileType = sourcecode.c.h; path = HinderedRotorA.h; sourceTree = "<group>"; };
		57E6CC94115CD2C600FB8DFD /* LandauZenerCrossingCoeff.cpp */ = {isa = PBXFileReference; fileEncoding = 4; lastKnownFileType = sourcecode.cpp.cpp; path = LandauZenerCrossingCoeff.cpp; sourceTree = "<group>"; };
		57E6CC95115CD2C600FB8DFD /* LandauZenerCrossingCoeff.h */ = {isa = PBXFileReference; fileEncoding = 4; lastKnownFileType = sourcecode.c.h; path = LandauZenerCrossingCoeff.h; sourceTree = "<group>"; };
		57E6CC96115CD2C600FB8DFD /* MesmerILT.cpp */ = {isa = PBXFileReference; fileEncoding = 4; lastKnownFileType = sourcecode.cpp.cpp; path = MesmerILT.cpp; sourceTree = "<group>"; };
		57E6CC97115CD2C600FB8DFD /* MesmerILT.h */ = {isa = PBXFileReference; fileEncoding = 4; lastKnownFileType = sourcecode.c.h; path = MesmerILT.h; sourceTree = "<group>"; };
		57E6CC98115CD2C600FB8DFD /* QMHinderedRotorPotential.cpp */ = {isa = PBXFileReference; fileEncoding = 4; lastKnownFileType = sourcecode.cpp.cpp; path = QMHinderedRotorPotential.cpp; sourceTree = "<group>"; };
		57E6CC99115CD2C600FB8DFD /* QMHinderedRotorPotential.h */ = {isa = PBXFileReference; fileEncoding = 4; lastKnownFileType = sourcecode.c.h; path = QMHinderedRotorPotential.h; sourceTree = "<group>"; };
		57E6CC9A115CD2C600FB8DFD /* QMRotor.cpp */ = {isa = PBXFileReference; fileEncoding = 4; lastKnownFileType = sourcecode.cpp.cpp; path = QMRotor.cpp; sourceTree = "<group>"; };
		57E6CC9B115CD2C600FB8DFD /* QMRotor.h */ = {isa = PBXFileReference; fileEncoding = 4; lastKnownFileType = sourcecode.c.h; path = QMRotor.h; sourceTree = "<group>"; };
		57E6CC9C115CD2C600FB8DFD /* simplecalc.cpp */ = {isa = PBXFileReference; fileEncoding = 4; lastKnownFileType = sourcecode.cpp.cpp; path = simplecalc.cpp; sourceTree = "<group>"; };
		57E6CC9D115CD2C600FB8DFD /* SimpleILT.cpp */ = {isa = PBXFileReference; fileEncoding = 4; lastKnownFileType = sourcecode.cpp.cpp; path = SimpleILT.cpp; sourceTree = "<group>"; };
		57E6CC9E115CD2C600FB8DFD /* SimpleILT.h */ = {isa = PBXFileReference; fileEncoding = 4; lastKnownFileType = sourcecode.c.h; path = SimpleILT.h; sourceTree = "<group>"; };
		57E6CC9F115CD2C600FB8DFD /* SimpleRRKM.cpp */ = {isa = PBXFileReference; fileEncoding = 4; lastKnownFileType = sourcecode.cpp.cpp; path = SimpleRRKM.cpp; sourceTree = "<group>"; };
		57E6CCA0115CD2C600FB8DFD /* SimpleRRKM.h */ = {isa = PBXFileReference; fileEncoding = 4; lastKnownFileType = sourcecode.c.h; path = SimpleRRKM.h; sourceTree = "<group>"; };
		57E6CCA1115CD2C600FB8DFD /* WKBCrossingCoeff.cpp */ = {isa = PBXFileReference; fileEncoding = 4; lastKnownFileType = sourcecode.cpp.cpp; path = WKBCrossingCoeff.cpp; sourceTree = "<group>"; };
		57E6CCA2115CD2C600FB8DFD /* WKBCrossingCoeff.h */ = {isa = PBXFileReference; fileEncoding = 4; lastKnownFileType = sourcecode.c.h; path = WKBCrossingCoeff.h; sourceTree = "<group>"; };
		57E6CCA3115CD2C600FB8DFD /* Rdouble.cpp */ = {isa = PBXFileReference; fileEncoding = 4; lastKnownFileType = sourcecode.cpp.cpp; path = Rdouble.cpp; sourceTree = "<group>"; };
		57E6CCA4115CD2C600FB8DFD /* Rdouble.h */ = {isa = PBXFileReference; fileEncoding = 4; lastKnownFileType = sourcecode.c.h; path = Rdouble.h; sourceTree = "<group>"; };
		57E6CCA5115CD2C600FB8DFD /* Reaction.cpp */ = {isa = PBXFileReference; fileEncoding = 4; lastKnownFileType = sourcecode.cpp.cpp; path = Reaction.cpp; sourceTree = "<group>"; };
		57E6CCA6115CD2C600FB8DFD /* Reaction.h */ = {isa = PBXFileReference; fileEncoding = 4; lastKnownFileType = sourcecode.c.h; path = Reaction.h; sourceTree = "<group>"; };
		57E6CCA7115CD2C600FB8DFD /* ReactionManager.cpp */ = {isa = PBXFileReference; fileEncoding = 4; lastKnownFileType = sourcecode.cpp.cpp; path = ReactionManager.cpp; sourceTree = "<group>"; };
		57E6CCA8115CD2C600FB8DFD /* ReactionManager.h */ = {isa = PBXFileReference; fileEncoding = 4; lastKnownFileType = sourcecode.c.h; path = ReactionManager.h; sourceTree = "<group>"; };
		57E6CCAA115CD2C600FB8DFD /* System.cpp */ = {isa = PBXFileReference; fileEncoding = 4; lastKnownFileType = sourcecode.cpp.cpp; path = System.cpp; sourceTree = "<group>"; };
		57E6CCAB115CD2C600FB8DFD /* System.h */ = {isa = PBXFileReference; fileEncoding = 4; lastKnownFileType = sourcecode.c.h; path = System.h; sourceTree = "<group>"; };
		57E6CCAC115CD2C600FB8DFD /* TimeCounter.cpp */ = {isa = PBXFileReference; fileEncoding = 4; lastKnownFileType = sourcecode.cpp.cpp; path = TimeCounter.cpp; sourceTree = "<group>"; };
		57E6CCAD115CD2C600FB8DFD /* TimeCounter.h */ = {isa = PBXFileReference; fileEncoding = 4; lastKnownFileType = sourcecode.c.h; path = TimeCounter.h; sourceTree = "<group>"; };
		57E6CCAE115CD2C600FB8DFD /* TMatrix.h */ = {isa = PBXFileReference; fileEncoding = 4; lastKnownFileType = sourcecode.c.h; path = TMatrix.h; sourceTree = "<group>"; };
		57E6CCAF115CD2C600FB8DFD /* Tunneling.h */ = {isa = PBXFileReference; fileEncoding = 4; lastKnownFileType = sourcecode.c.h; path = Tunneling.h; sourceTree = "<group>"; };
		57E6CCB0115CD2C600FB8DFD /* unitsConversion.cpp */ = {isa = PBXFileReference; fileEncoding = 4; lastKnownFileType = sourcecode.cpp.cpp; path = unitsConversion.cpp; sourceTree = "<group>"; };
		57E6CCB1115CD2C600FB8DFD /* unitsConversion.h */ = {isa = PBXFileReference; fileEncoding = 4; lastKnownFileType = sourcecode.c.h; path = unitsConversion.h; sourceTree = "<group>"; };
		57E6CCB2115CD2C600FB8DFD /* vector3.cpp */ = {isa = PBXFileReference; fileEncoding = 4; lastKnownFileType = sourcecode.cpp.cpp; path = vector3.cpp; sourceTree = "<group>"; };
		57E6CCB3115CD2C600FB8DFD /* vector3.h */ = {isa = PBXFileReference; fileEncoding = 4; lastKnownFileType = sourcecode.c.h; path = vector3.h; sourceTree = "<group>"; };
		57E6CCB4115CD2C600FB8DFD /* XMLPersist.cpp */ = {isa = PBXFileReference; fileEncoding = 4; lastKnownFileType = sourcecode.cpp.cpp; path = XMLPersist.cpp; sourceTree = "<group>"; };
		57E6CCB5115CD2C600FB8DFD /* XMLPersist.h */ = {isa = PBXFileReference; fileEncoding = 4; lastKnownFileType = sourcecode.c.h; path = XMLPersist.h; sourceTree = "<group>"; };
		8DD76FB20486AB0100D96B5E /* mesmer */ = {isa = PBXFileReference; explicitFileType = "compiled.mach-o.executable"; includeInIndex = 0; path = mesmer; sourceTree = BUILT_PRODUCTS_DIR; };
		C6A0FF2C0290799A04C91782 /* MacOSX.1 */ = {isa = PBXFileReference; lastKnownFileType = text.man; path = MacOSX.1; sourceTree = "<group>"; };
/* End PBXFileReference section */

/* Begin PBXFrameworksBuildPhase section */
		576414BB115C3531002C7AAB /* Frameworks */ = {
			isa = PBXFrameworksBuildPhase;
			buildActionMask = 2147483647;
			files = (
			);
			runOnlyForDeploymentPostprocessing = 0;
		};
		57641527115C3790002C7AAB /* Frameworks */ = {
			isa = PBXFrameworksBuildPhase;
			buildActionMask = 2147483647;
			files = (
				57641606115C37B0002C7AAB /* libqd.a in Frameworks */,
			);
			runOnlyForDeploymentPostprocessing = 0;
		};
		8DD76FAD0486AB0100D96B5E /* Frameworks */ = {
			isa = PBXFrameworksBuildPhase;
			buildActionMask = 2147483647;
			files = (
				57641524115C3765002C7AAB /* tinyxml.a in Frameworks */,
				57641646115C3C0D002C7AAB /* libqd.a in Frameworks */,
			);
			runOnlyForDeploymentPostprocessing = 0;
		};
/* End PBXFrameworksBuildPhase section */

/* Begin PBXGroup section */
		08FB7794FE84155DC02AAC07 /* MacOSX */ = {
			isa = PBXGroup;
			children = (
				57E6CC58115CD2C600FB8DFD /* src */,
				5764152D115C37B0002C7AAB /* qd */,
				576414C1115C35C1002C7AAB /* tinyxml */,
				C6A0FF2B0290797F04C91782 /* Documentation */,
				1AB674ADFE9D54B511CA2CBB /* Products */,
			);
			name = MacOSX;
			sourceTree = "<group>";
		};
		1AB674ADFE9D54B511CA2CBB /* Products */ = {
			isa = PBXGroup;
			children = (
				8DD76FB20486AB0100D96B5E /* mesmer */,
				576414BD115C3531002C7AAB /* tinyxml.a */,
				57641529115C3790002C7AAB /* libqd.a */,
			);
			name = Products;
			sourceTree = "<group>";
		};
		576414C1115C35C1002C7AAB /* tinyxml */ = {
			isa = PBXGroup;
			children = (
				576414C2115C35C1002C7AAB /* changes.txt */,
				576414C3115C35C1002C7AAB /* docs */,
				576414FB115C35C1002C7AAB /* echo.dsp */,
				576414FC115C35C1002C7AAB /* Makefile */,
				576414FD115C35C1002C7AAB /* MakeLib */,
				576414FE115C35C1002C7AAB /* readme.txt */,
				576414FF115C35C1002C7AAB /* tinystr.cpp */,
				57641500115C35C1002C7AAB /* tinystr.h */,
				57641501115C35C1002C7AAB /* tinyxml.cpp */,
				57641502115C35C1002C7AAB /* tinyxml.dsw */,
				57641503115C35C1002C7AAB /* tinyxml.h */,
				57641504115C35C1002C7AAB /* tinyxml_lib.dsp */,
				57641505115C35C1002C7AAB /* tinyxmlerror.cpp */,
				57641506115C35C1002C7AAB /* tinyxmlparser.cpp */,
				57641507115C35C1002C7AAB /* tinyxmlSTL.dsp */,
				57641508115C35C1002C7AAB /* tinyXmlTest.dsp */,
				57641509115C35C1002C7AAB /* tinyXmlTestSTL.dsp */,
				5764150A115C35C1002C7AAB /* utf8test.gif */,
				5764150B115C35C1002C7AAB /* utf8test.xml */,
				5764150C115C35C1002C7AAB /* utf8testverify.xml */,
				5764150D115C35C1002C7AAB /* xmltest.cpp */,
			);
			name = tinyxml;
			path = ../tinyxml;
			sourceTree = SOURCE_ROOT;
		};
		576414C3115C35C1002C7AAB /* docs */ = {
			isa = PBXGroup;
			children = (
				576414C4115C35C1002C7AAB /* annotated.html */,
				576414C5115C35C1002C7AAB /* classTiXmlAttribute-members.html */,
				576414C6115C35C1002C7AAB /* classTiXmlAttribute.html */,
				576414C7115C35C1002C7AAB /* classTiXmlAttribute.png */,
				576414C8115C35C1002C7AAB /* classTiXmlBase-members.html */,
				576414C9115C35C1002C7AAB /* classTiXmlBase.html */,
				576414CA115C35C1002C7AAB /* classTiXmlBase.png */,
				576414CB115C35C1002C7AAB /* classTiXmlComment-members.html */,
				576414CC115C35C1002C7AAB /* classTiXmlComment.html */,
				576414CD115C35C1002C7AAB /* classTiXmlComment.png */,
				576414CE115C35C1002C7AAB /* classTiXmlDeclaration-members.html */,
				576414CF115C35C1002C7AAB /* classTiXmlDeclaration.html */,
				576414D0115C35C1002C7AAB /* classTiXmlDeclaration.png */,
				576414D1115C35C1002C7AAB /* classTiXmlDocument-members.html */,
				576414D2115C35C1002C7AAB /* classTiXmlDocument.html */,
				576414D3115C35C1002C7AAB /* classTiXmlDocument.png */,
				576414D4115C35C1002C7AAB /* classTiXmlElement-members.html */,
				576414D5115C35C1002C7AAB /* classTiXmlElement.html */,
				576414D6115C35C1002C7AAB /* classTiXmlElement.png */,
				576414D7115C35C1002C7AAB /* classTiXmlHandle-members.html */,
				576414D8115C35C1002C7AAB /* classTiXmlHandle.html */,
				576414D9115C35C1002C7AAB /* classTiXmlNode-members.html */,
				576414DA115C35C1002C7AAB /* classTiXmlNode.html */,
				576414DB115C35C1002C7AAB /* classTiXmlNode.png */,
				576414DC115C35C1002C7AAB /* classTiXmlPrinter-members.html */,
				576414DD115C35C1002C7AAB /* classTiXmlPrinter.html */,
				576414DE115C35C1002C7AAB /* classTiXmlPrinter.png */,
				576414DF115C35C1002C7AAB /* classTiXmlText-members.html */,
				576414E0115C35C1002C7AAB /* classTiXmlText.html */,
				576414E1115C35C1002C7AAB /* classTiXmlText.png */,
				576414E2115C35C1002C7AAB /* classTiXmlUnknown-members.html */,
				576414E3115C35C1002C7AAB /* classTiXmlUnknown.html */,
				576414E4115C35C1002C7AAB /* classTiXmlUnknown.png */,
				576414E5115C35C1002C7AAB /* classTiXmlVisitor-members.html */,
				576414E6115C35C1002C7AAB /* classTiXmlVisitor.html */,
				576414E7115C35C1002C7AAB /* classTiXmlVisitor.png */,
				576414E8115C35C1002C7AAB /* deprecated.html */,
				576414E9115C35C1002C7AAB /* doxygen.css */,
				576414EA115C35C1002C7AAB /* doxygen.png */,
				576414EB115C35C1002C7AAB /* files.html */,
				576414EC115C35C1002C7AAB /* functions.html */,
				576414ED115C35C1002C7AAB /* functions_enum.html */,
				576414EE115C35C1002C7AAB /* functions_func.html */,
				576414EF115C35C1002C7AAB /* functions_rela.html */,
				576414F0115C35C1002C7AAB /* functions_vars.html */,
				576414F1115C35C1002C7AAB /* hierarchy.html */,
				576414F2115C35C1002C7AAB /* index.html */,
				576414F3115C35C1002C7AAB /* pages.html */,
				576414F4115C35C1002C7AAB /* tab_b.gif */,
				576414F5115C35C1002C7AAB /* tab_l.gif */,
				576414F6115C35C1002C7AAB /* tab_r.gif */,
				576414F7115C35C1002C7AAB /* tabs.css */,
				576414F8115C35C1002C7AAB /* tinystr_8h-source.html */,
				576414F9115C35C1002C7AAB /* tinyxml_8h-source.html */,
				576414FA115C35C1002C7AAB /* tutorial0.html */,
			);
			path = docs;
			sourceTree = "<group>";
		};
		5764152D115C37B0002C7AAB /* qd */ = {
			isa = PBXGroup;
			children = (
				57641531115C37B0002C7AAB /* config */,
				5764153E115C37B0002C7AAB /* config.h */,
				57641545115C37B0002C7AAB /* docs */,
				57641567115C37B0002C7AAB /* fortran */,
				5764157F115C37B0002C7AAB /* include */,
				57641591115C37B0002C7AAB /* m4 */,
				576415A3115C37B0002C7AAB /* src */,
				576415C6115C37B0002C7AAB /* tests */,
			);
			name = qd;
			path = ../qd;
			sourceTree = SOURCE_ROOT;
		};
		57641531115C37B0002C7AAB /* config */ = {
			isa = PBXGroup;
			children = (
			);
			path = config;
			sourceTree = "<group>";
		};
		57641545115C37B0002C7AAB /* docs */ = {
			isa = PBXGroup;
			children = (
			);
			path = docs;
			sourceTree = "<group>";
		};
		57641567115C37B0002C7AAB /* fortran */ = {
			isa = PBXGroup;
			children = (
				57641568115C37B0002C7AAB /* .deps */,
				5764156E115C37B0002C7AAB /* f_dd.cpp */,
				5764156F115C37B0002C7AAB /* f_qd.cpp */,
			);
			path = fortran;
			sourceTree = "<group>";
		};
		57641568115C37B0002C7AAB /* .deps */ = {
			isa = PBXGroup;
			children = (
			);
			path = .deps;
			sourceTree = "<group>";
		};
		5764157F115C37B0002C7AAB /* include */ = {
			isa = PBXGroup;
			children = (
				57641583115C37B0002C7AAB /* qd */,
			);
			path = include;
			sourceTree = "<group>";
		};
		57641583115C37B0002C7AAB /* qd */ = {
			isa = PBXGroup;
			children = (
				57641584115C37B0002C7AAB /* bits.h */,
				57641585115C37B0002C7AAB /* c_dd.h */,
				57641586115C37B0002C7AAB /* c_qd.h */,
				57641587115C37B0002C7AAB /* dd_inline.h */,
				57641588115C37B0002C7AAB /* dd_real.h */,
				57641589115C37B0002C7AAB /* fpu.h */,
				5764158A115C37B0002C7AAB /* inline.h */,
				5764158B115C37B0002C7AAB /* qd_config.h */,
				5764158D115C37B0002C7AAB /* qd_inline.h */,
				5764158E115C37B0002C7AAB /* qd_real.h */,
			);
			path = qd;
			sourceTree = "<group>";
		};
		57641591115C37B0002C7AAB /* m4 */ = {
			isa = PBXGroup;
			children = (
			);
			path = m4;
			sourceTree = "<group>";
		};
		576415A3115C37B0002C7AAB /* src */ = {
			isa = PBXGroup;
			children = (
				576415A4115C37B0002C7AAB /* .deps */,
				576415AE115C37B0002C7AAB /* bits.cpp */,
				576415B0115C37B0002C7AAB /* c_dd.cpp */,
				576415B2115C37B0002C7AAB /* c_qd.cpp */,
				576415B4115C37B0002C7AAB /* dd_const.cpp */,
				576415B6115C37B0002C7AAB /* dd_real.cpp */,
				576415B8115C37B0002C7AAB /* fpu.cpp */,
				576415BA115C37B0002C7AAB /* libqd.a */,
				576415BE115C37B0002C7AAB /* qd_const.cpp */,
				576415C0115C37B0002C7AAB /* qd_real.cpp */,
				576415C2115C37B0002C7AAB /* util.cpp */,
				576415C3115C37B0002C7AAB /* util.h */,
			);
			path = src;
			sourceTree = "<group>";
		};
		576415A4115C37B0002C7AAB /* .deps */ = {
			isa = PBXGroup;
			children = (
			);
			path = .deps;
			sourceTree = "<group>";
		};
		576415C6115C37B0002C7AAB /* tests */ = {
			isa = PBXGroup;
			children = (
				576415C7115C37B0002C7AAB /* .deps */,
				576415CF115C37B0002C7AAB /* huge.cpp */,
				576415D3115C37B0002C7AAB /* pslq.h */,
				576415D4115C37B0002C7AAB /* pslq_test.cpp */,
				576415D5115C37B0002C7AAB /* qd_test.cpp */,
				576415D6115C37B0002C7AAB /* qd_timer.cpp */,
				576415D7115C37B0002C7AAB /* quadt.h */,
				576415D8115C37B0002C7AAB /* quadt_test.cpp */,
				576415D9115C37B0002C7AAB /* tictoc.cpp */,
				576415DA115C37B0002C7AAB /* tictoc.h */,
			);
			path = tests;
			sourceTree = "<group>";
		};
		576415C7115C37B0002C7AAB /* .deps */ = {
			isa = PBXGroup;
			children = (
			);
			path = .deps;
			sourceTree = "<group>";
		};
		57E6CC58115CD2C600FB8DFD /* src */ = {
			isa = PBXGroup;
			children = (
				57E6CC59115CD2C600FB8DFD /* a2d.h */,
				57E6CC5A115CD2C600FB8DFD /* AssignMolTypes.cpp */,
				57E6CC5B115CD2C600FB8DFD /* AssociationReaction.cpp */,
				57E6CC5C115CD2C600FB8DFD /* AssociationReaction.h */,
				57E6CC5D115CD2C600FB8DFD /* BoltzmannDistribution.cpp */,
				57E6CC5E115CD2C600FB8DFD /* BoltzmannDistribution.h */,
				57E6CC5F115CD2C600FB8DFD /* calcmethod.h */,
				57E6CC60115CD2C600FB8DFD /* Constants.h */,
				57E6CC61115CD2C600FB8DFD /* Crossing.h */,
				57E6CC62115CD2C600FB8DFD /* DensityOfStates.cpp */,
				57E6CC63115CD2C600FB8DFD /* DensityOfStates.h */,
				57E6CC64115CD2C600FB8DFD /* Distribution.h */,
				57E6CC65115CD2C600FB8DFD /* dMatrix.h */,
				57E6CC66115CD2C600FB8DFD /* EnergyTransferModel.h */,
				57E6CC67115CD2C600FB8DFD /* formatfloat.cpp */,
				57E6CC68115CD2C600FB8DFD /* formatfloat.h */,
				57E6CC69115CD2C600FB8DFD /* IrreversibleExchangeReaction.cpp */,
				57E6CC6A115CD2C600FB8DFD /* IrreversibleExchangeReaction.h */,
				57E6CC6B115CD2C600FB8DFD /* IrreversibleUnimolecularReaction.cpp */,
				57E6CC6C115CD2C600FB8DFD /* IrreversibleUnimolecularReaction.h */,
				57E6CC6D115CD2C600FB8DFD /* IsomerizationReaction.cpp */,
				57E6CC6E115CD2C600FB8DFD /* IsomerizationReaction.h */,
				57E6CC6F115CD2C600FB8DFD /* main.cpp */,
				57E6CC71115CD2C600FB8DFD /* marray.h */,
				57E6CC72115CD2C600FB8DFD /* Matrix.h */,
				57E6CC73115CD2C600FB8DFD /* MesmerConfig.h */,
				57E6CC74115CD2C600FB8DFD /* MesmerEnv.cpp */,
				57E6CC75115CD2C600FB8DFD /* MesmerEnv.h */,
				57E6CC76115CD2C600FB8DFD /* MesmerFlags.cpp */,
				57E6CC77115CD2C600FB8DFD /* MesmerFlags.h */,
				57E6CC78115CD2C600FB8DFD /* MesmerMath.cpp */,
				57E6CC79115CD2C600FB8DFD /* MesmerMath.h */,
				57E6CC7A115CD2C600FB8DFD /* MesmerPrecision.h */,
				57E6CC7B115CD2C600FB8DFD /* MesmerTools.cpp */,
				57E6CC7C115CD2C600FB8DFD /* MesmerTools.h */,
				57E6CC7D115CD2C600FB8DFD /* MicroRate.cpp */,
				57E6CC7E115CD2C600FB8DFD /* MicroRate.h */,
				57E6CC7F115CD2C600FB8DFD /* MolecularComponents.cpp */,
				57E6CC80115CD2C600FB8DFD /* MolecularComponents.h */,
				57E6CC81115CD2C600FB8DFD /* Molecule.cpp */,
				57E6CC82115CD2C600FB8DFD /* Molecule.h */,
				57E6CC83115CD2C600FB8DFD /* MoleculeManager.cpp */,
				57E6CC84115CD2C600FB8DFD /* MoleculeManager.h */,
				57E6CC85115CD2C600FB8DFD /* oberror.cpp */,
				57E6CC86115CD2C600FB8DFD /* oberror.h */,
				57E6CC87115CD2C600FB8DFD /* OneDimensionalFGH.cpp */,
				57E6CC88115CD2C600FB8DFD /* Persistence.h */,
				57E6CC89115CD2C600FB8DFD /* plugins */,
				57E6CCA3115CD2C600FB8DFD /* Rdouble.cpp */,
				57E6CCA4115CD2C600FB8DFD /* Rdouble.h */,
				57E6CCA5115CD2C600FB8DFD /* Reaction.cpp */,
				57E6CCA6115CD2C600FB8DFD /* Reaction.h */,
				57E6CCA7115CD2C600FB8DFD /* ReactionManager.cpp */,
				57E6CCA8115CD2C600FB8DFD /* ReactionManager.h */,
				57E6CCAA115CD2C600FB8DFD /* System.cpp */,
				57E6CCAB115CD2C600FB8DFD /* System.h */,
				57E6CCAC115CD2C600FB8DFD /* TimeCounter.cpp */,
				57E6CCAD115CD2C600FB8DFD /* TimeCounter.h */,
				57E6CCAE115CD2C600FB8DFD /* TMatrix.h */,
				57E6CCAF115CD2C600FB8DFD /* Tunneling.h */,
				57E6CCB0115CD2C600FB8DFD /* unitsConversion.cpp */,
				57E6CCB1115CD2C600FB8DFD /* unitsConversion.h */,
				57E6CCB2115CD2C600FB8DFD /* vector3.cpp */,
				57E6CCB3115CD2C600FB8DFD /* vector3.h */,
				57E6CCB4115CD2C600FB8DFD /* XMLPersist.cpp */,
				57E6CCB5115CD2C600FB8DFD /* XMLPersist.h */,
			);
			name = src;
			path = ../src;
			sourceTree = SOURCE_ROOT;
		};
		57E6CC89115CD2C600FB8DFD /* plugins */ = {
			isa = PBXGroup;
			children = (
				57E6CC8A115CD2C600FB8DFD /* ClassicalRotor.cpp */,
				57E6CC8B115CD2C600FB8DFD /* ClassicalRotor.h */,
				57E6CC8C115CD2C600FB8DFD /* EckartCoefficients.cpp */,
				57E6CC8D115CD2C600FB8DFD /* EckartCoefficients.h */,
				57E6CC8E115CD2C600FB8DFD /* ExponentialDown.cpp */,
				57E6CC8F115CD2C600FB8DFD /* ExponentialDown.h */,
				57E6CC90115CD2C600FB8DFD /* fitting.cpp */,
				57E6CC91115CD2C600FB8DFD /* gridsearch.cpp */,
				57E6CC92115CD2C600FB8DFD /* HinderedRotorA.cpp */,
				57E6CC93115CD2C600FB8DFD /* HinderedRotorA.h */,
				57E6CC94115CD2C600FB8DFD /* LandauZenerCrossingCoeff.cpp */,
				57E6CC95115CD2C600FB8DFD /* LandauZenerCrossingCoeff.h */,
				57E6CC96115CD2C600FB8DFD /* MesmerILT.cpp */,
				57E6CC97115CD2C600FB8DFD /* MesmerILT.h */,
				57E6CC98115CD2C600FB8DFD /* QMHinderedRotorPotential.cpp */,
				57E6CC99115CD2C600FB8DFD /* QMHinderedRotorPotential.h */,
				57E6CC9A115CD2C600FB8DFD /* QMRotor.cpp */,
				57E6CC9B115CD2C600FB8DFD /* QMRotor.h */,
				57E6CC9C115CD2C600FB8DFD /* simplecalc.cpp */,
				57E6CC9D115CD2C600FB8DFD /* SimpleILT.cpp */,
				57E6CC9E115CD2C600FB8DFD /* SimpleILT.h */,
				57E6CC9F115CD2C600FB8DFD /* SimpleRRKM.cpp */,
				57E6CCA0115CD2C600FB8DFD /* SimpleRRKM.h */,
				57E6CCA1115CD2C600FB8DFD /* WKBCrossingCoeff.cpp */,
				57E6CCA2115CD2C600FB8DFD /* WKBCrossingCoeff.h */,
			);
			path = plugins;
			sourceTree = "<group>";
		};
		C6A0FF2B0290797F04C91782 /* Documentation */ = {
			isa = PBXGroup;
			children = (
				C6A0FF2C0290799A04C91782 /* MacOSX.1 */,
			);
			name = Documentation;
			sourceTree = "<group>";
		};
/* End PBXGroup section */

/* Begin PBXHeadersBuildPhase section */
		576414B9115C3531002C7AAB /* Headers */ = {
			isa = PBXHeadersBuildPhase;
			buildActionMask = 2147483647;
			files = (
				57641510115C35C1002C7AAB /* tinystr.h in Headers */,
				57641512115C35C1002C7AAB /* tinyxml.h in Headers */,
			);
			runOnlyForDeploymentPostprocessing = 0;
		};
		57641525115C3790002C7AAB /* Headers */ = {
			isa = PBXHeadersBuildPhase;
			buildActionMask = 2147483647;
			files = (
				576415DD115C37B0002C7AAB /* config.h in Headers */,
				576415EF115C37B0002C7AAB /* bits.h in Headers */,
				576415F0115C37B0002C7AAB /* c_dd.h in Headers */,
				576415F1115C37B0002C7AAB /* c_qd.h in Headers */,
				576415F2115C37B0002C7AAB /* dd_inline.h in Headers */,
				576415F3115C37B0002C7AAB /* dd_real.h in Headers */,
				576415F4115C37B0002C7AAB /* fpu.h in Headers */,
				576415F5115C37B0002C7AAB /* inline.h in Headers */,
				576415F6115C37B0002C7AAB /* qd_config.h in Headers */,
				576415F7115C37B0002C7AAB /* qd_inline.h in Headers */,
				576415F8115C37B0002C7AAB /* qd_real.h in Headers */,
				5764160D115C37B0002C7AAB /* util.h in Headers */,
				57641612115C37B0002C7AAB /* pslq.h in Headers */,
				57641616115C37B0002C7AAB /* quadt.h in Headers */,
				57641619115C37B0002C7AAB /* tictoc.h in Headers */,
			);
			runOnlyForDeploymentPostprocessing = 0;
		};
/* End PBXHeadersBuildPhase section */

/* Begin PBXNativeTarget section */
		576414BC115C3531002C7AAB /* tinyxml */ = {
			isa = PBXNativeTarget;
			buildConfigurationList = 576414C0115C3550002C7AAB /* Build configuration list for PBXNativeTarget "tinyxml" */;
			buildPhases = (
				576414B9115C3531002C7AAB /* Headers */,
				576414BA115C3531002C7AAB /* Sources */,
				576414BB115C3531002C7AAB /* Frameworks */,
			);
			buildRules = (
			);
			dependencies = (
			);
			name = tinyxml;
			productName = tinyxml;
			productReference = 576414BD115C3531002C7AAB /* tinyxml.a */;
			productType = "com.apple.product-type.library.static";
		};
		57641528115C3790002C7AAB /* qd */ = {
			isa = PBXNativeTarget;
			buildConfigurationList = 5764152C115C37AE002C7AAB /* Build configuration list for PBXNativeTarget "qd" */;
			buildPhases = (
				57641525115C3790002C7AAB /* Headers */,
				57641526115C3790002C7AAB /* Sources */,
				57641527115C3790002C7AAB /* Frameworks */,
			);
			buildRules = (
			);
			dependencies = (
			);
			name = qd;
			productName = qd;
			productReference = 57641529115C3790002C7AAB /* libqd.a */;
			productType = "com.apple.product-type.library.static";
		};
		8DD76FA90486AB0100D96B5E /* mesmer */ = {
			isa = PBXNativeTarget;
			buildConfigurationList = 1DEB928508733DD80010E9CD /* Build configuration list for PBXNativeTarget "mesmer" */;
			buildPhases = (
				8DD76FAB0486AB0100D96B5E /* Sources */,
				8DD76FAD0486AB0100D96B5E /* Frameworks */,
				8DD76FAF0486AB0100D96B5E /* CopyFiles */,
			);
			buildRules = (
			);
			dependencies = (
				57E6CD88115CEBD500FB8DFD /* PBXTargetDependency */,
				57E6CD8A115CEBD500FB8DFD /* PBXTargetDependency */,
			);
			name = mesmer;
			productInstallPath = "$(HOME)/bin";
			productName = MacOSX;
			productReference = 8DD76FB20486AB0100D96B5E /* mesmer */;
			productType = "com.apple.product-type.tool";
		};
/* End PBXNativeTarget section */

/* Begin PBXProject section */
		08FB7793FE84155DC02AAC07 /* Project object */ = {
			isa = PBXProject;
			buildConfigurationList = 1DEB928908733DD80010E9CD /* Build configuration list for PBXProject "MacOSX" */;
			compatibilityVersion = "Xcode 3.0";
			hasScannedForEncodings = 1;
			mainGroup = 08FB7794FE84155DC02AAC07 /* MacOSX */;
			projectDirPath = "";
			projectRoot = "";
			targets = (
				8DD76FA90486AB0100D96B5E /* mesmer */,
				576414BC115C3531002C7AAB /* tinyxml */,
				57641528115C3790002C7AAB /* qd */,
			);
		};
/* End PBXProject section */

/* Begin PBXSourcesBuildPhase section */
		576414BA115C3531002C7AAB /* Sources */ = {
			isa = PBXSourcesBuildPhase;
			buildActionMask = 2147483647;
			files = (
				5764150F115C35C1002C7AAB /* tinystr.cpp in Sources */,
				57641511115C35C1002C7AAB /* tinyxml.cpp in Sources */,
				57641513115C35C1002C7AAB /* tinyxmlerror.cpp in Sources */,
				57641514115C35C1002C7AAB /* tinyxmlparser.cpp in Sources */,
				57641515115C35C1002C7AAB /* xmltest.cpp in Sources */,
			);
			runOnlyForDeploymentPostprocessing = 0;
		};
		57641526115C3790002C7AAB /* Sources */ = {
			isa = PBXSourcesBuildPhase;
			buildActionMask = 2147483647;
			files = (
				576415E1115C37B0002C7AAB /* f_dd.cpp in Sources */,
				576415E2115C37B0002C7AAB /* f_qd.cpp in Sources */,
				576415FA115C37B0002C7AAB /* bits.cpp in Sources */,
				576415FC115C37B0002C7AAB /* c_dd.cpp in Sources */,
				576415FE115C37B0002C7AAB /* c_qd.cpp in Sources */,
				57641600115C37B0002C7AAB /* dd_const.cpp in Sources */,
				57641602115C37B0002C7AAB /* dd_real.cpp in Sources */,
				57641604115C37B0002C7AAB /* fpu.cpp in Sources */,
				57641608115C37B0002C7AAB /* qd_const.cpp in Sources */,
				5764160A115C37B0002C7AAB /* qd_real.cpp in Sources */,
				5764160C115C37B0002C7AAB /* util.cpp in Sources */,
				57641610115C37B0002C7AAB /* huge.cpp in Sources */,
				57641613115C37B0002C7AAB /* pslq_test.cpp in Sources */,
				57641614115C37B0002C7AAB /* qd_test.cpp in Sources */,
				57641615115C37B0002C7AAB /* qd_timer.cpp in Sources */,
				57641617115C37B0002C7AAB /* quadt_test.cpp in Sources */,
				57641618115C37B0002C7AAB /* tictoc.cpp in Sources */,
			);
			runOnlyForDeploymentPostprocessing = 0;
		};
		8DD76FAB0486AB0100D96B5E /* Sources */ = {
			isa = PBXSourcesBuildPhase;
			buildActionMask = 2147483647;
			files = (
				57E6CCB6115CD2C600FB8DFD /* AssignMolTypes.cpp in Sources */,
				57E6CCB7115CD2C600FB8DFD /* AssociationReaction.cpp in Sources */,
				57E6CCB8115CD2C600FB8DFD /* BoltzmannDistribution.cpp in Sources */,
				57E6CCB9115CD2C600FB8DFD /* DensityOfStates.cpp in Sources */,
				57E6CCBA115CD2C600FB8DFD /* formatfloat.cpp in Sources */,
				57E6CCBB115CD2C600FB8DFD /* IrreversibleExchangeReaction.cpp in Sources */,
				57E6CCBC115CD2C600FB8DFD /* IrreversibleUnimolecularReaction.cpp in Sources */,
				57E6CCBD115CD2C600FB8DFD /* IsomerizationReaction.cpp in Sources */,
				57E6CCBE115CD2C600FB8DFD /* main.cpp in Sources */,
				57E6CCC0115CD2C600FB8DFD /* MesmerEnv.cpp in Sources */,
				57E6CCC1115CD2C600FB8DFD /* MesmerFlags.cpp in Sources */,
				57E6CCC2115CD2C600FB8DFD /* MesmerMath.cpp in Sources */,
				57E6CCC3115CD2C600FB8DFD /* MesmerTools.cpp in Sources */,
				57E6CCC4115CD2C600FB8DFD /* MicroRate.cpp in Sources */,
				57E6CCC5115CD2C600FB8DFD /* MolecularComponents.cpp in Sources */,
				57E6CCC6115CD2C600FB8DFD /* Molecule.cpp in Sources */,
				57E6CCC7115CD2C600FB8DFD /* MoleculeManager.cpp in Sources */,
				57E6CCC8115CD2C600FB8DFD /* oberror.cpp in Sources */,
				57E6CCC9115CD2C600FB8DFD /* OneDimensionalFGH.cpp in Sources */,
				57E6CCCA115CD2C600FB8DFD /* ClassicalRotor.cpp in Sources */,
				57E6CCCB115CD2C600FB8DFD /* EckartCoefficients.cpp in Sources */,
				57E6CCCC115CD2C600FB8DFD /* ExponentialDown.cpp in Sources */,
				57E6CCCD115CD2C600FB8DFD /* fitting.cpp in Sources */,
				57E6CCCE115CD2C600FB8DFD /* gridsearch.cpp in Sources */,
				57E6CCCF115CD2C600FB8DFD /* HinderedRotorA.cpp in Sources */,
				57E6CCD0115CD2C600FB8DFD /* LandauZenerCrossingCoeff.cpp in Sources */,
				57E6CCD1115CD2C600FB8DFD /* MesmerILT.cpp in Sources */,
				57E6CCD2115CD2C600FB8DFD /* QMHinderedRotorPotential.cpp in Sources */,
				57E6CCD3115CD2C600FB8DFD /* QMRotor.cpp in Sources */,
				57E6CCD4115CD2C600FB8DFD /* simplecalc.cpp in Sources */,
				57E6CCD5115CD2C600FB8DFD /* SimpleILT.cpp in Sources */,
				57E6CCD6115CD2C600FB8DFD /* SimpleRRKM.cpp in Sources */,
				57E6CCD7115CD2C600FB8DFD /* WKBCrossingCoeff.cpp in Sources */,
				57E6CCD8115CD2C600FB8DFD /* Rdouble.cpp in Sources */,
				57E6CCD9115CD2C600FB8DFD /* Reaction.cpp in Sources */,
				57E6CCDA115CD2C600FB8DFD /* ReactionManager.cpp in Sources */,
				57E6CCDB115CD2C600FB8DFD /* System.cpp in Sources */,
				57E6CCDC115CD2C600FB8DFD /* TimeCounter.cpp in Sources */,
				57E6CCDD115CD2C600FB8DFD /* unitsConversion.cpp in Sources */,
				57E6CCDE115CD2C600FB8DFD /* vector3.cpp in Sources */,
				57E6CCDF115CD2C600FB8DFD /* XMLPersist.cpp in Sources */,
			);
			runOnlyForDeploymentPostprocessing = 0;
		};
/* End PBXSourcesBuildPhase section */

/* Begin PBXTargetDependency section */
		57E6CD88115CEBD500FB8DFD /* PBXTargetDependency */ = {
			isa = PBXTargetDependency;
			target = 576414BC115C3531002C7AAB /* tinyxml */;
			targetProxy = 57E6CD87115CEBD500FB8DFD /* PBXContainerItemProxy */;
		};
		57E6CD8A115CEBD500FB8DFD /* PBXTargetDependency */ = {
			isa = PBXTargetDependency;
			target = 57641528115C3790002C7AAB /* qd */;
			targetProxy = 57E6CD89115CEBD500FB8DFD /* PBXContainerItemProxy */;
		};
/* End PBXTargetDependency section */

/* Begin XCBuildConfiguration section */
		1DEB928608733DD80010E9CD /* Debug */ = {
			isa = XCBuildConfiguration;
			buildSettings = {
				COPY_PHASE_STRIP = NO;
				GCC_DYNAMIC_NO_PIC = NO;
				GCC_ENABLE_FIX_AND_CONTINUE = YES;
				GCC_MODEL_TUNING = G5;
				GCC_OPTIMIZATION_LEVEL = 0;
				GCC_PRECOMPILE_PREFIX_HEADER = NO;
				INSTALL_PATH = /usr/local/bin;
				PRODUCT_NAME = mesmer;
				ZERO_LINK = YES;
			};
			name = Debug;
		};
		1DEB928708733DD80010E9CD /* Release */ = {
			isa = XCBuildConfiguration;
			buildSettings = {
				DEBUG_INFORMATION_FORMAT = "dwarf-with-dsym";
				GCC_MODEL_TUNING = G5;
				INSTALL_PATH = /usr/local/bin;
				PRODUCT_NAME = MacOSX;
			};
			name = Release;
		};
		1DEB928A08733DD80010E9CD /* Debug */ = {
			isa = XCBuildConfiguration;
			buildSettings = {
				GCC_PREPROCESSOR_DEFINITIONS = TIXML_USE_STL;
				GCC_WARN_ABOUT_RETURN_TYPE = YES;
				GCC_WARN_UNUSED_VARIABLE = YES;
				HEADER_SEARCH_PATHS = (
					../qd/include,
					../tinyxml,
				);
				PREBINDING = NO;
				SDKROOT = "$(DEVELOPER_SDK_DIR)/MacOSX10.5.sdk";
			};
			name = Debug;
		};
		1DEB928B08733DD80010E9CD /* Release */ = {
			isa = XCBuildConfiguration;
			buildSettings = {
				ARCHS = (
					ppc,
					i386,
				);
				GCC_WARN_ABOUT_RETURN_TYPE = YES;
				GCC_WARN_UNUSED_VARIABLE = YES;
				PREBINDING = NO;
				SDKROOT = "$(DEVELOPER_SDK_DIR)/MacOSX10.5.sdk";
			};
			name = Release;
		};
		576414BE115C3532002C7AAB /* Debug */ = {
			isa = XCBuildConfiguration;
			buildSettings = {
				ALWAYS_SEARCH_USER_PATHS = NO;
				COPY_PHASE_STRIP = NO;
				EXECUTABLE_PREFIX = "";
				GCC_DYNAMIC_NO_PIC = NO;
				GCC_ENABLE_FIX_AND_CONTINUE = YES;
				GCC_MODEL_TUNING = G5;
				GCC_OPTIMIZATION_LEVEL = 0;
				GCC_PREPROCESSOR_DEFINITIONS = TIXML_USE_STL;
				INSTALL_PATH = /usr/local/lib;
				PREBINDING = NO;
				PRODUCT_NAME = tinyxml;
			};
			name = Debug;
		};
		576414BF115C3532002C7AAB /* Release */ = {
			isa = XCBuildConfiguration;
			buildSettings = {
				ALWAYS_SEARCH_USER_PATHS = NO;
				COPY_PHASE_STRIP = YES;
				DEBUG_INFORMATION_FORMAT = "dwarf-with-dsym";
				GCC_ENABLE_FIX_AND_CONTINUE = NO;
				GCC_MODEL_TUNING = G5;
				INSTALL_PATH = /usr/local/lib;
				PREBINDING = NO;
				PRODUCT_NAME = tinyxml;
				ZERO_LINK = NO;
			};
			name = Release;
		};
		5764152A115C3790002C7AAB /* Debug */ = {
			isa = XCBuildConfiguration;
			buildSettings = {
				ALWAYS_SEARCH_USER_PATHS = NO;
				COPY_PHASE_STRIP = NO;
				GCC_DYNAMIC_NO_PIC = NO;
				GCC_ENABLE_FIX_AND_CONTINUE = YES;
				GCC_MODEL_TUNING = G5;
				GCC_OPTIMIZATION_LEVEL = 0;
				INSTALL_PATH = /usr/local/lib;
				LIBRARY_SEARCH_PATHS = (
					"$(inherited)",
					"\"$(SRCROOT)/../qd/src\"",
				);
				PREBINDING = NO;
				PRODUCT_NAME = qd;
			};
			name = Debug;
		};
		5764152B115C3790002C7AAB /* Release */ = {
			isa = XCBuildConfiguration;
			buildSettings = {
				ALWAYS_SEARCH_USER_PATHS = NO;
				COPY_PHASE_STRIP = YES;
				DEBUG_INFORMATION_FORMAT = "dwarf-with-dsym";
				GCC_ENABLE_FIX_AND_CONTINUE = NO;
				GCC_MODEL_TUNING = G5;
				INSTALL_PATH = /usr/local/lib;
				LIBRARY_SEARCH_PATHS = (
					"$(inherited)",
					"\"$(SRCROOT)/../qd/src\"",
				);
				PREBINDING = NO;
				PRODUCT_NAME = qd;
				ZERO_LINK = NO;
			};
			name = Release;
		};
/* End XCBuildConfiguration section */

/* Begin XCConfigurationList section */
		1DEB928508733DD80010E9CD /* Build configuration list for PBXNativeTarget "mesmer" */ = {
			isa = XCConfigurationList;
			buildConfigurations = (
				1DEB928608733DD80010E9CD /* Debug */,
				1DEB928708733DD80010E9CD /* Release */,
			);
			defaultConfigurationIsVisible = 0;
			defaultConfigurationName = Release;
		};
		1DEB928908733DD80010E9CD /* Build configuration list for PBXProject "MacOSX" */ = {
			isa = XCConfigurationList;
			buildConfigurations = (
				1DEB928A08733DD80010E9CD /* Debug */,
				1DEB928B08733DD80010E9CD /* Release */,
			);
			defaultConfigurationIsVisible = 0;
			defaultConfigurationName = Release;
		};
		576414C0115C3550002C7AAB /* Build configuration list for PBXNativeTarget "tinyxml" */ = {
			isa = XCConfigurationList;
			buildConfigurations = (
				576414BE115C3532002C7AAB /* Debug */,
				576414BF115C3532002C7AAB /* Release */,
			);
			defaultConfigurationIsVisible = 0;
			defaultConfigurationName = Release;
		};
		5764152C115C37AE002C7AAB /* Build configuration list for PBXNativeTarget "qd" */ = {
			isa = XCConfigurationList;
			buildConfigurations = (
				5764152A115C3790002C7AAB /* Debug */,
				5764152B115C3790002C7AAB /* Release */,
			);
			defaultConfigurationIsVisible = 0;
			defaultConfigurationName = Release;
		};
/* End XCConfigurationList section */
	};
	rootObject = 08FB7793FE84155DC02AAC07 /* Project object */;
}
